// !$*UTF8*$!
{
	archiveVersion = 1;
	classes = {
	};
	objectVersion = 50;
	objects = {

/* Begin PBXBuildFile section */
		B14EBE4A257D3DE400928593 /* AppDelegate.m in Sources */ = {isa = PBXBuildFile; fileRef = B14EBE49257D3DE400928593 /* AppDelegate.m */; };
		B14EBE4D257D3DE400928593 /* SceneDelegate.m in Sources */ = {isa = PBXBuildFile; fileRef = B14EBE4C257D3DE400928593 /* SceneDelegate.m */; };
		B14EBE50257D3DE400928593 /* ViewController1.m in Sources */ = {isa = PBXBuildFile; fileRef = B14EBE4F257D3DE400928593 /* ViewController1.m */; };
		B14EBE53257D3DE400928593 /* Main.storyboard in Resources */ = {isa = PBXBuildFile; fileRef = B14EBE51257D3DE400928593 /* Main.storyboard */; };
		B14EBE55257D3DE700928593 /* Assets.xcassets in Resources */ = {isa = PBXBuildFile; fileRef = B14EBE54257D3DE700928593 /* Assets.xcassets */; };
		B14EBE58257D3DE700928593 /* LaunchScreen.storyboard in Resources */ = {isa = PBXBuildFile; fileRef = B14EBE56257D3DE700928593 /* LaunchScreen.storyboard */; };
		B14EBE5B257D3DE700928593 /* main.m in Sources */ = {isa = PBXBuildFile; fileRef = B14EBE5A257D3DE700928593 /* main.m */; };
		B14EBE65257D43F600928593 /* ViewController2.m in Sources */ = {isa = PBXBuildFile; fileRef = B14EBE64257D43F600928593 /* ViewController2.m */; };
		B1639D69259F6997006F2075 /* UIImage+identifier.swift in Sources */ = {isa = PBXBuildFile; fileRef = B1639D68259F6997006F2075 /* UIImage+identifier.swift */; };
		B17AFFFF25A8A94000F49980 /* UIImagePickerVC.swift in Sources */ = {isa = PBXBuildFile; fileRef = B17AFFFE25A8A94000F49980 /* UIImagePickerVC.swift */; };
		B1B28039259F361400CAAD5A /* SegueSwizzler.swift in Sources */ = {isa = PBXBuildFile; fileRef = B1B28038259F361400CAAD5A /* SegueSwizzler.swift */; };
		B1B2803C259F381500CAAD5A /* SwizzlerVC.swift in Sources */ = {isa = PBXBuildFile; fileRef = B1B2803B259F381500CAAD5A /* SwizzlerVC.swift */; };
/* End PBXBuildFile section */

/* Begin PBXFileReference section */
		B14EBE45257D3DE400928593 /* s02e08-objc.app */ = {isa = PBXFileReference; explicitFileType = wrapper.application; includeInIndex = 0; path = "s02e08-objc.app"; sourceTree = BUILT_PRODUCTS_DIR; };
		B14EBE48257D3DE400928593 /* AppDelegate.h */ = {isa = PBXFileReference; lastKnownFileType = sourcecode.c.h; path = AppDelegate.h; sourceTree = "<group>"; };
		B14EBE49257D3DE400928593 /* AppDelegate.m */ = {isa = PBXFileReference; lastKnownFileType = sourcecode.c.objc; path = AppDelegate.m; sourceTree = "<group>"; };
		B14EBE4B257D3DE400928593 /* SceneDelegate.h */ = {isa = PBXFileReference; lastKnownFileType = sourcecode.c.h; path = SceneDelegate.h; sourceTree = "<group>"; };
		B14EBE4C257D3DE400928593 /* SceneDelegate.m */ = {isa = PBXFileReference; lastKnownFileType = sourcecode.c.objc; path = SceneDelegate.m; sourceTree = "<group>"; };
		B14EBE4E257D3DE400928593 /* ViewController1.h */ = {isa = PBXFileReference; lastKnownFileType = sourcecode.c.h; path = ViewController1.h; sourceTree = "<group>"; };
		B14EBE4F257D3DE400928593 /* ViewController1.m */ = {isa = PBXFileReference; lastKnownFileType = sourcecode.c.objc; path = ViewController1.m; sourceTree = "<group>"; };
		B14EBE52257D3DE400928593 /* Base */ = {isa = PBXFileReference; lastKnownFileType = file.storyboard; name = Base; path = Base.lproj/Main.storyboard; sourceTree = "<group>"; };
		B14EBE54257D3DE700928593 /* Assets.xcassets */ = {isa = PBXFileReference; lastKnownFileType = folder.assetcatalog; path = Assets.xcassets; sourceTree = "<group>"; };
		B14EBE57257D3DE700928593 /* Base */ = {isa = PBXFileReference; lastKnownFileType = file.storyboard; name = Base; path = Base.lproj/LaunchScreen.storyboard; sourceTree = "<group>"; };
		B14EBE59257D3DE700928593 /* Info.plist */ = {isa = PBXFileReference; lastKnownFileType = text.plist.xml; path = Info.plist; sourceTree = "<group>"; };
		B14EBE5A257D3DE700928593 /* main.m */ = {isa = PBXFileReference; lastKnownFileType = sourcecode.c.objc; path = main.m; sourceTree = "<group>"; };
		B14EBE64257D43F600928593 /* ViewController2.m */ = {isa = PBXFileReference; lastKnownFileType = sourcecode.c.objc; path = ViewController2.m; sourceTree = "<group>"; };
		B14EBE69257D446000928593 /* ViewController2.h */ = {isa = PBXFileReference; lastKnownFileType = sourcecode.c.h; path = ViewController2.h; sourceTree = "<group>"; };
		B1639D68259F6997006F2075 /* UIImage+identifier.swift */ = {isa = PBXFileReference; lastKnownFileType = sourcecode.swift; path = "UIImage+identifier.swift"; sourceTree = "<group>"; };
		B17AFFFE25A8A94000F49980 /* UIImagePickerVC.swift */ = {isa = PBXFileReference; lastKnownFileType = sourcecode.swift; path = UIImagePickerVC.swift; sourceTree = "<group>"; };
		B1B28037259F361300CAAD5A /* s02e08-objc-Bridging-Header.h */ = {isa = PBXFileReference; lastKnownFileType = sourcecode.c.h; path = "s02e08-objc-Bridging-Header.h"; sourceTree = "<group>"; };
		B1B28038259F361400CAAD5A /* SegueSwizzler.swift */ = {isa = PBXFileReference; fileEncoding = 4; lastKnownFileType = sourcecode.swift; path = SegueSwizzler.swift; sourceTree = "<group>"; };
		B1B2803B259F381500CAAD5A /* SwizzlerVC.swift */ = {isa = PBXFileReference; lastKnownFileType = sourcecode.swift; path = SwizzlerVC.swift; sourceTree = "<group>"; };
/* End PBXFileReference section */

/* Begin PBXFrameworksBuildPhase section */
		B14EBE42257D3DE400928593 /* Frameworks */ = {
			isa = PBXFrameworksBuildPhase;
			buildActionMask = 2147483647;
			files = (
			);
			runOnlyForDeploymentPostprocessing = 0;
		};
/* End PBXFrameworksBuildPhase section */

/* Begin PBXGroup section */
		B14EBE3C257D3DE400928593 = {
			isa = PBXGroup;
			children = (
				B14EBE47257D3DE400928593 /* s02e08-objc */,
				B14EBE46257D3DE400928593 /* Products */,
			);
			sourceTree = "<group>";
		};
		B14EBE46257D3DE400928593 /* Products */ = {
			isa = PBXGroup;
			children = (
				B14EBE45257D3DE400928593 /* s02e08-objc.app */,
			);
			name = Products;
			sourceTree = "<group>";
		};
		B14EBE47257D3DE400928593 /* s02e08-objc */ = {
			isa = PBXGroup;
			children = (
				B1B2803E259F3A1F00CAAD5A /* VC */,
				B1B28038259F361400CAAD5A /* SegueSwizzler.swift */,
				B14EBE48257D3DE400928593 /* AppDelegate.h */,
				B14EBE49257D3DE400928593 /* AppDelegate.m */,
				B14EBE4B257D3DE400928593 /* SceneDelegate.h */,
				B14EBE4C257D3DE400928593 /* SceneDelegate.m */,
				B14EBE51257D3DE400928593 /* Main.storyboard */,
				B14EBE54257D3DE700928593 /* Assets.xcassets */,
				B14EBE56257D3DE700928593 /* LaunchScreen.storyboard */,
				B14EBE59257D3DE700928593 /* Info.plist */,
				B14EBE5A257D3DE700928593 /* main.m */,
				B1B28037259F361300CAAD5A /* s02e08-objc-Bridging-Header.h */,
				B1639D68259F6997006F2075 /* UIImage+identifier.swift */,
				B17AFFFE25A8A94000F49980 /* UIImagePickerVC.swift */,
			);
			path = "s02e08-objc";
			sourceTree = "<group>";
		};
		B1B2803E259F3A1F00CAAD5A /* VC */ = {
			isa = PBXGroup;
			children = (
				B1B2803F259F3A2900CAAD5A /* 1 */,
				B1B28040259F3A2D00CAAD5A /* 2 */,
				B1B28041259F3A3100CAAD5A /* Swizzler */,
			);
			path = VC;
			sourceTree = "<group>";
		};
		B1B2803F259F3A2900CAAD5A /* 1 */ = {
			isa = PBXGroup;
			children = (
				B14EBE4E257D3DE400928593 /* ViewController1.h */,
				B14EBE4F257D3DE400928593 /* ViewController1.m */,
			);
			path = 1;
			sourceTree = "<group>";
		};
		B1B28040259F3A2D00CAAD5A /* 2 */ = {
			isa = PBXGroup;
			children = (
				B14EBE64257D43F600928593 /* ViewController2.m */,
				B14EBE69257D446000928593 /* ViewController2.h */,
			);
			path = 2;
			sourceTree = "<group>";
		};
		B1B28041259F3A3100CAAD5A /* Swizzler */ = {
			isa = PBXGroup;
			children = (
				B1B2803B259F381500CAAD5A /* SwizzlerVC.swift */,
			);
			path = Swizzler;
			sourceTree = "<group>";
		};
/* End PBXGroup section */

/* Begin PBXNativeTarget section */
		B14EBE44257D3DE400928593 /* s02e08-objc */ = {
			isa = PBXNativeTarget;
			buildConfigurationList = B14EBE5E257D3DE700928593 /* Build configuration list for PBXNativeTarget "s02e08-objc" */;
			buildPhases = (
				B14EBE41257D3DE400928593 /* Sources */,
				B14EBE42257D3DE400928593 /* Frameworks */,
				B14EBE43257D3DE400928593 /* Resources */,
			);
			buildRules = (
			);
			dependencies = (
			);
			name = "s02e08-objc";
			productName = "s02e08-objc";
			productReference = B14EBE45257D3DE400928593 /* s02e08-objc.app */;
			productType = "com.apple.product-type.application";
		};
/* End PBXNativeTarget section */

/* Begin PBXProject section */
		B14EBE3D257D3DE400928593 /* Project object */ = {
			isa = PBXProject;
			attributes = {
				LastUpgradeCheck = 1220;
				TargetAttributes = {
					B14EBE44257D3DE400928593 = {
						CreatedOnToolsVersion = 12.2;
						LastSwiftMigration = 1220;
					};
				};
			};
			buildConfigurationList = B14EBE40257D3DE400928593 /* Build configuration list for PBXProject "s02e08-objc" */;
			compatibilityVersion = "Xcode 9.3";
			developmentRegion = en;
			hasScannedForEncodings = 0;
			knownRegions = (
				en,
				Base,
			);
			mainGroup = B14EBE3C257D3DE400928593;
			productRefGroup = B14EBE46257D3DE400928593 /* Products */;
			projectDirPath = "";
			projectRoot = "";
			targets = (
				B14EBE44257D3DE400928593 /* s02e08-objc */,
			);
		};
/* End PBXProject section */

/* Begin PBXResourcesBuildPhase section */
		B14EBE43257D3DE400928593 /* Resources */ = {
			isa = PBXResourcesBuildPhase;
			buildActionMask = 2147483647;
			files = (
				B14EBE58257D3DE700928593 /* LaunchScreen.storyboard in Resources */,
				B14EBE55257D3DE700928593 /* Assets.xcassets in Resources */,
				B14EBE53257D3DE400928593 /* Main.storyboard in Resources */,
			);
			runOnlyForDeploymentPostprocessing = 0;
		};
/* End PBXResourcesBuildPhase section */

/* Begin PBXSourcesBuildPhase section */
		B14EBE41257D3DE400928593 /* Sources */ = {
			isa = PBXSourcesBuildPhase;
			buildActionMask = 2147483647;
			files = (
				B1639D69259F6997006F2075 /* UIImage+identifier.swift in Sources */,
				B14EBE50257D3DE400928593 /* ViewController1.m in Sources */,
				B1B28039259F361400CAAD5A /* SegueSwizzler.swift in Sources */,
				B14EBE4A257D3DE400928593 /* AppDelegate.m in Sources */,
				B14EBE65257D43F600928593 /* ViewController2.m in Sources */,
				B14EBE5B257D3DE700928593 /* main.m in Sources */,
				B14EBE4D257D3DE400928593 /* SceneDelegate.m in Sources */,
				B1B2803C259F381500CAAD5A /* SwizzlerVC.swift in Sources */,
				B17AFFFF25A8A94000F49980 /* UIImagePickerVC.swift in Sources */,
			);
			runOnlyForDeploymentPostprocessing = 0;
		};
/* End PBXSourcesBuildPhase section */

/* Begin PBXVariantGroup section */
		B14EBE51257D3DE400928593 /* Main.storyboard */ = {
			isa = PBXVariantGroup;
			children = (
				B14EBE52257D3DE400928593 /* Base */,
			);
			name = Main.storyboard;
			sourceTree = "<group>";
		};
		B14EBE56257D3DE700928593 /* LaunchScreen.storyboard */ = {
			isa = PBXVariantGroup;
			children = (
				B14EBE57257D3DE700928593 /* Base */,
			);
			name = LaunchScreen.storyboard;
			sourceTree = "<group>";
		};
/* End PBXVariantGroup section */

/* Begin XCBuildConfiguration section */
		B14EBE5C257D3DE700928593 /* Debug */ = {
			isa = XCBuildConfiguration;
			buildSettings = {
				ALWAYS_SEARCH_USER_PATHS = NO;
				CLANG_ANALYZER_NONNULL = YES;
				CLANG_ANALYZER_NUMBER_OBJECT_CONVERSION = YES_AGGRESSIVE;
				CLANG_CXX_LANGUAGE_STANDARD = "gnu++14";
				CLANG_CXX_LIBRARY = "libc++";
				CLANG_ENABLE_MODULES = YES;
				CLANG_ENABLE_OBJC_ARC = YES;
				CLANG_ENABLE_OBJC_WEAK = YES;
				CLANG_WARN_BLOCK_CAPTURE_AUTORELEASING = YES;
				CLANG_WARN_BOOL_CONVERSION = YES;
				CLANG_WARN_COMMA = YES;
				CLANG_WARN_CONSTANT_CONVERSION = YES;
				CLANG_WARN_DEPRECATED_OBJC_IMPLEMENTATIONS = YES;
				CLANG_WARN_DIRECT_OBJC_ISA_USAGE = YES_ERROR;
				CLANG_WARN_DOCUMENTATION_COMMENTS = YES;
				CLANG_WARN_EMPTY_BODY = YES;
				CLANG_WARN_ENUM_CONVERSION = YES;
				CLANG_WARN_INFINITE_RECURSION = YES;
				CLANG_WARN_INT_CONVERSION = YES;
				CLANG_WARN_NON_LITERAL_NULL_CONVERSION = YES;
				CLANG_WARN_OBJC_IMPLICIT_RETAIN_SELF = YES;
				CLANG_WARN_OBJC_LITERAL_CONVERSION = YES;
				CLANG_WARN_OBJC_ROOT_CLASS = YES_ERROR;
				CLANG_WARN_QUOTED_INCLUDE_IN_FRAMEWORK_HEADER = YES;
				CLANG_WARN_RANGE_LOOP_ANALYSIS = YES;
				CLANG_WARN_STRICT_PROTOTYPES = YES;
				CLANG_WARN_SUSPICIOUS_MOVE = YES;
				CLANG_WARN_UNGUARDED_AVAILABILITY = YES_AGGRESSIVE;
				CLANG_WARN_UNREACHABLE_CODE = YES;
				CLANG_WARN__DUPLICATE_METHOD_MATCH = YES;
				COPY_PHASE_STRIP = NO;
				DEBUG_INFORMATION_FORMAT = dwarf;
				ENABLE_STRICT_OBJC_MSGSEND = YES;
				ENABLE_TESTABILITY = YES;
				GCC_C_LANGUAGE_STANDARD = gnu11;
				GCC_DYNAMIC_NO_PIC = NO;
				GCC_NO_COMMON_BLOCKS = YES;
				GCC_OPTIMIZATION_LEVEL = 0;
				GCC_PREPROCESSOR_DEFINITIONS = (
					"DEBUG=1",
					"$(inherited)",
				);
				GCC_WARN_64_TO_32_BIT_CONVERSION = YES;
				GCC_WARN_ABOUT_RETURN_TYPE = YES_ERROR;
				GCC_WARN_UNDECLARED_SELECTOR = YES;
				GCC_WARN_UNINITIALIZED_AUTOS = YES_AGGRESSIVE;
				GCC_WARN_UNUSED_FUNCTION = YES;
				GCC_WARN_UNUSED_VARIABLE = YES;
				IPHONEOS_DEPLOYMENT_TARGET = 14.2;
				MTL_ENABLE_DEBUG_INFO = INCLUDE_SOURCE;
				MTL_FAST_MATH = YES;
				ONLY_ACTIVE_ARCH = YES;
				SDKROOT = iphoneos;
			};
			name = Debug;
		};
		B14EBE5D257D3DE700928593 /* Release */ = {
			isa = XCBuildConfiguration;
			buildSettings = {
				ALWAYS_SEARCH_USER_PATHS = NO;
				CLANG_ANALYZER_NONNULL = YES;
				CLANG_ANALYZER_NUMBER_OBJECT_CONVERSION = YES_AGGRESSIVE;
				CLANG_CXX_LANGUAGE_STANDARD = "gnu++14";
				CLANG_CXX_LIBRARY = "libc++";
				CLANG_ENABLE_MODULES = YES;
				CLANG_ENABLE_OBJC_ARC = YES;
				CLANG_ENABLE_OBJC_WEAK = YES;
				CLANG_WARN_BLOCK_CAPTURE_AUTORELEASING = YES;
				CLANG_WARN_BOOL_CONVERSION = YES;
				CLANG_WARN_COMMA = YES;
				CLANG_WARN_CONSTANT_CONVERSION = YES;
				CLANG_WARN_DEPRECATED_OBJC_IMPLEMENTATIONS = YES;
				CLANG_WARN_DIRECT_OBJC_ISA_USAGE = YES_ERROR;
				CLANG_WARN_DOCUMENTATION_COMMENTS = YES;
				CLANG_WARN_EMPTY_BODY = YES;
				CLANG_WARN_ENUM_CONVERSION = YES;
				CLANG_WARN_INFINITE_RECURSION = YES;
				CLANG_WARN_INT_CONVERSION = YES;
				CLANG_WARN_NON_LITERAL_NULL_CONVERSION = YES;
				CLANG_WARN_OBJC_IMPLICIT_RETAIN_SELF = YES;
				CLANG_WARN_OBJC_LITERAL_CONVERSION = YES;
				CLANG_WARN_OBJC_ROOT_CLASS = YES_ERROR;
				CLANG_WARN_QUOTED_INCLUDE_IN_FRAMEWORK_HEADER = YES;
				CLANG_WARN_RANGE_LOOP_ANALYSIS = YES;
				CLANG_WARN_STRICT_PROTOTYPES = YES;
				CLANG_WARN_SUSPICIOUS_MOVE = YES;
				CLANG_WARN_UNGUARDED_AVAILABILITY = YES_AGGRESSIVE;
				CLANG_WARN_UNREACHABLE_CODE = YES;
				CLANG_WARN__DUPLICATE_METHOD_MATCH = YES;
				COPY_PHASE_STRIP = NO;
				DEBUG_INFORMATION_FORMAT = "dwarf-with-dsym";
				ENABLE_NS_ASSERTIONS = NO;
				ENABLE_STRICT_OBJC_MSGSEND = YES;
				GCC_C_LANGUAGE_STANDARD = gnu11;
				GCC_NO_COMMON_BLOCKS = YES;
				GCC_WARN_64_TO_32_BIT_CONVERSION = YES;
				GCC_WARN_ABOUT_RETURN_TYPE = YES_ERROR;
				GCC_WARN_UNDECLARED_SELECTOR = YES;
				GCC_WARN_UNINITIALIZED_AUTOS = YES_AGGRESSIVE;
				GCC_WARN_UNUSED_FUNCTION = YES;
				GCC_WARN_UNUSED_VARIABLE = YES;
				IPHONEOS_DEPLOYMENT_TARGET = 14.2;
				MTL_ENABLE_DEBUG_INFO = NO;
				MTL_FAST_MATH = YES;
				SDKROOT = iphoneos;
				VALIDATE_PRODUCT = YES;
			};
			name = Release;
		};
		B14EBE5F257D3DE700928593 /* Debug */ = {
			isa = XCBuildConfiguration;
			buildSettings = {
				ASSETCATALOG_COMPILER_APPICON_NAME = AppIcon;
				ASSETCATALOG_COMPILER_GLOBAL_ACCENT_COLOR_NAME = AccentColor;
				CLANG_ENABLE_MODULES = YES;
				CODE_SIGN_STYLE = Automatic;
				INFOPLIST_FILE = "s02e08-objc/Info.plist";
				LD_RUNPATH_SEARCH_PATHS = (
					"$(inherited)",
					"@executable_path/Frameworks",
				);
				PRODUCT_BUNDLE_IDENTIFIER = "maxibello.s02e08-objc";
				PRODUCT_NAME = "$(TARGET_NAME)";
				SWIFT_OBJC_BRIDGING_HEADER = "s02e08-objc/s02e08-objc-Bridging-Header.h";
				SWIFT_OPTIMIZATION_LEVEL = "-Onone";
				SWIFT_VERSION = 5.0;
				TARGETED_DEVICE_FAMILY = "1,2";
			};
			name = Debug;
		};
		B14EBE60257D3DE700928593 /* Release */ = {
			isa = XCBuildConfiguration;
			buildSettings = {
				ASSETCATALOG_COMPILER_APPICON_NAME = AppIcon;
				ASSETCATALOG_COMPILER_GLOBAL_ACCENT_COLOR_NAME = AccentColor;
				CLANG_ENABLE_MODULES = YES;
				CODE_SIGN_STYLE = Automatic;
				INFOPLIST_FILE = "s02e08-objc/Info.plist";
				LD_RUNPATH_SEARCH_PATHS = (
					"$(inherited)",
					"@executable_path/Frameworks",
				);
				PRODUCT_BUNDLE_IDENTIFIER = "maxibello.s02e08-objc";
				PRODUCT_NAME = "$(TARGET_NAME)";
				SWIFT_OBJC_BRIDGING_HEADER = "s02e08-objc/s02e08-objc-Bridging-Header.h";
				SWIFT_VERSION = 5.0;
				TARGETED_DEVICE_FAMILY = "1,2";
			};
			name = Release;
		};
/* End XCBuildConfiguration section */

/* Begin XCConfigurationList section */
		B14EBE40257D3DE400928593 /* Build configuration list for PBXProject "s02e08-objc" */ = {
			isa = XCConfigurationList;
			buildConfigurations = (
				B14EBE5C257D3DE700928593 /* Debug */,
				B14EBE5D257D3DE700928593 /* Release */,
			);
			defaultConfigurationIsVisible = 0;
			defaultConfigurationName = Release;
		};
		B14EBE5E257D3DE700928593 /* Build configuration list for PBXNativeTarget "s02e08-objc" */ = {
			isa = XCConfigurationList;
			buildConfigurations = (
				B14EBE5F257D3DE700928593 /* Debug */,
				B14EBE60257D3DE700928593 /* Release */,
			);
			defaultConfigurationIsVisible = 0;
			defaultConfigurationName = Release;
		};
/* End XCConfigurationList section */
	};
	rootObject = B14EBE3D257D3DE400928593 /* Project object */;
}
