// !$*UTF8*$!
{
	archiveVersion = 1;
	classes = {
	};
	objectVersion = 50;
	objects = {

/* Begin PBXBuildFile section */
		B156B1AA249AB6D30044FA11 /* CustomTextfield.swift in Sources */ = {isa = PBXBuildFile; fileRef = B156B1A9249AB6D30044FA11 /* CustomTextfield.swift */; };
		B1DDDF4E249932F800AFF31D /* AppDelegate.swift in Sources */ = {isa = PBXBuildFile; fileRef = B1DDDF4D249932F800AFF31D /* AppDelegate.swift */; };
		B1DDDF50249932F800AFF31D /* SceneDelegate.swift in Sources */ = {isa = PBXBuildFile; fileRef = B1DDDF4F249932F800AFF31D /* SceneDelegate.swift */; };
		B1DDDF52249932F800AFF31D /* ViewController.swift in Sources */ = {isa = PBXBuildFile; fileRef = B1DDDF51249932F800AFF31D /* ViewController.swift */; };
		B1DDDF55249932F800AFF31D /* Main.storyboard in Resources */ = {isa = PBXBuildFile; fileRef = B1DDDF53249932F800AFF31D /* Main.storyboard */; };
		B1DDDF57249932FB00AFF31D /* Assets.xcassets in Resources */ = {isa = PBXBuildFile; fileRef = B1DDDF56249932FB00AFF31D /* Assets.xcassets */; };
		B1DDDF5A249932FB00AFF31D /* LaunchScreen.storyboard in Resources */ = {isa = PBXBuildFile; fileRef = B1DDDF58249932FB00AFF31D /* LaunchScreen.storyboard */; };
		B1DDDF622499331D00AFF31D /* CustomSwitch.swift in Sources */ = {isa = PBXBuildFile; fileRef = B1DDDF612499331D00AFF31D /* CustomSwitch.swift */; };
		B1F924AE24A29C9C00F203C9 /* Battery.swift in Sources */ = {isa = PBXBuildFile; fileRef = B1F924AD24A29C9C00F203C9 /* Battery.swift */; };
/* End PBXBuildFile section */

/* Begin PBXFileReference section */
		B156B1A9249AB6D30044FA11 /* CustomTextfield.swift */ = {isa = PBXFileReference; lastKnownFileType = sourcecode.swift; path = CustomTextfield.swift; sourceTree = "<group>"; };
		B1DDDF4A249932F800AFF31D /* skillbox_11.1.app */ = {isa = PBXFileReference; explicitFileType = wrapper.application; includeInIndex = 0; path = skillbox_11.1.app; sourceTree = BUILT_PRODUCTS_DIR; };
		B1DDDF4D249932F800AFF31D /* AppDelegate.swift */ = {isa = PBXFileReference; lastKnownFileType = sourcecode.swift; path = AppDelegate.swift; sourceTree = "<group>"; };
		B1DDDF4F249932F800AFF31D /* SceneDelegate.swift */ = {isa = PBXFileReference; lastKnownFileType = sourcecode.swift; path = SceneDelegate.swift; sourceTree = "<group>"; };
		B1DDDF51249932F800AFF31D /* ViewController.swift */ = {isa = PBXFileReference; lastKnownFileType = sourcecode.swift; path = ViewController.swift; sourceTree = "<group>"; };
		B1DDDF54249932F800AFF31D /* Base */ = {isa = PBXFileReference; lastKnownFileType = file.storyboard; name = Base; path = Base.lproj/Main.storyboard; sourceTree = "<group>"; };
		B1DDDF56249932FB00AFF31D /* Assets.xcassets */ = {isa = PBXFileReference; lastKnownFileType = folder.assetcatalog; path = Assets.xcassets; sourceTree = "<group>"; };
		B1DDDF59249932FB00AFF31D /* Base */ = {isa = PBXFileReference; lastKnownFileType = file.storyboard; name = Base; path = Base.lproj/LaunchScreen.storyboard; sourceTree = "<group>"; };
		B1DDDF5B249932FB00AFF31D /* Info.plist */ = {isa = PBXFileReference; lastKnownFileType = text.plist.xml; path = Info.plist; sourceTree = "<group>"; };
		B1DDDF612499331D00AFF31D /* CustomSwitch.swift */ = {isa = PBXFileReference; lastKnownFileType = sourcecode.swift; path = CustomSwitch.swift; sourceTree = "<group>"; };
		B1F924AD24A29C9C00F203C9 /* Battery.swift */ = {isa = PBXFileReference; lastKnownFileType = sourcecode.swift; path = Battery.swift; sourceTree = "<group>"; };
/* End PBXFileReference section */

/* Begin PBXFrameworksBuildPhase section */
		B1DDDF47249932F800AFF31D /* Frameworks */ = {
			isa = PBXFrameworksBuildPhase;
			buildActionMask = 2147483647;
			files = (
			);
			runOnlyForDeploymentPostprocessing = 0;
		};
/* End PBXFrameworksBuildPhase section */

/* Begin PBXGroup section */
		B1DDDF41249932F800AFF31D = {
			isa = PBXGroup;
			children = (
				B1DDDF4C249932F800AFF31D /* skillbox_11.1 */,
				B1DDDF4B249932F800AFF31D /* Products */,
			);
			sourceTree = "<group>";
		};
		B1DDDF4B249932F800AFF31D /* Products */ = {
			isa = PBXGroup;
			children = (
				B1DDDF4A249932F800AFF31D /* skillbox_11.1.app */,
			);
			name = Products;
			sourceTree = "<group>";
		};
		B1DDDF4C249932F800AFF31D /* skillbox_11.1 */ = {
			isa = PBXGroup;
			children = (
				B1DDDF4D249932F800AFF31D /* AppDelegate.swift */,
				B1DDDF4F249932F800AFF31D /* SceneDelegate.swift */,
				B1DDDF51249932F800AFF31D /* ViewController.swift */,
				B1DDDF53249932F800AFF31D /* Main.storyboard */,
				B1DDDF56249932FB00AFF31D /* Assets.xcassets */,
				B1DDDF58249932FB00AFF31D /* LaunchScreen.storyboard */,
				B1DDDF5B249932FB00AFF31D /* Info.plist */,
				B1DDDF612499331D00AFF31D /* CustomSwitch.swift */,
				B156B1A9249AB6D30044FA11 /* CustomTextfield.swift */,
				B1F924AD24A29C9C00F203C9 /* Battery.swift */,
			);
			path = skillbox_11.1;
			sourceTree = "<group>";
		};
/* End PBXGroup section */

/* Begin PBXNativeTarget section */
		B1DDDF49249932F800AFF31D /* skillbox_11.1 */ = {
			isa = PBXNativeTarget;
			buildConfigurationList = B1DDDF5E249932FB00AFF31D /* Build configuration list for PBXNativeTarget "skillbox_11.1" */;
			buildPhases = (
				B1DDDF46249932F800AFF31D /* Sources */,
				B1DDDF47249932F800AFF31D /* Frameworks */,
				B1DDDF48249932F800AFF31D /* Resources */,
			);
			buildRules = (
			);
			dependencies = (
			);
			name = skillbox_11.1;
			productName = skillbox_11.1;
			productReference = B1DDDF4A249932F800AFF31D /* skillbox_11.1.app */;
			productType = "com.apple.product-type.application";
		};
/* End PBXNativeTarget section */

/* Begin PBXProject section */
		B1DDDF42249932F800AFF31D /* Project object */ = {
			isa = PBXProject;
			attributes = {
				LastSwiftUpdateCheck = 1140;
				LastUpgradeCheck = 1140;
				ORGANIZATIONNAME = "Максим Кузнецов";
				TargetAttributes = {
					B1DDDF49249932F800AFF31D = {
						CreatedOnToolsVersion = 11.4;
					};
				};
			};
			buildConfigurationList = B1DDDF45249932F800AFF31D /* Build configuration list for PBXProject "skillbox_11.1" */;
			compatibilityVersion = "Xcode 9.3";
			developmentRegion = en;
			hasScannedForEncodings = 0;
			knownRegions = (
				en,
				Base,
			);
			mainGroup = B1DDDF41249932F800AFF31D;
			productRefGroup = B1DDDF4B249932F800AFF31D /* Products */;
			projectDirPath = "";
			projectRoot = "";
			targets = (
				B1DDDF49249932F800AFF31D /* skillbox_11.1 */,
			);
		};
/* End PBXProject section */

/* Begin PBXResourcesBuildPhase section */
		B1DDDF48249932F800AFF31D /* Resources */ = {
			isa = PBXResourcesBuildPhase;
			buildActionMask = 2147483647;
			files = (
				B1DDDF5A249932FB00AFF31D /* LaunchScreen.storyboard in Resources */,
				B1DDDF57249932FB00AFF31D /* Assets.xcassets in Resources */,
				B1DDDF55249932F800AFF31D /* Main.storyboard in Resources */,
			);
			runOnlyForDeploymentPostprocessing = 0;
		};
/* End PBXResourcesBuildPhase section */

/* Begin PBXSourcesBuildPhase section */
		B1DDDF46249932F800AFF31D /* Sources */ = {
			isa = PBXSourcesBuildPhase;
			buildActionMask = 2147483647;
			files = (
				B156B1AA249AB6D30044FA11 /* CustomTextfield.swift in Sources */,
				B1DDDF52249932F800AFF31D /* ViewController.swift in Sources */,
				B1DDDF4E249932F800AFF31D /* AppDelegate.swift in Sources */,
				B1F924AE24A29C9C00F203C9 /* Battery.swift in Sources */,
				B1DDDF622499331D00AFF31D /* CustomSwitch.swift in Sources */,
				B1DDDF50249932F800AFF31D /* SceneDelegate.swift in Sources */,
			);
			runOnlyForDeploymentPostprocessing = 0;
		};
/* End PBXSourcesBuildPhase section */

/* Begin PBXVariantGroup section */
		B1DDDF53249932F800AFF31D /* Main.storyboard */ = {
			isa = PBXVariantGroup;
			children = (
				B1DDDF54249932F800AFF31D /* Base */,
			);
			name = Main.storyboard;
			sourceTree = "<group>";
		};
		B1DDDF58249932FB00AFF31D /* LaunchScreen.storyboard */ = {
			isa = PBXVariantGroup;
			children = (
				B1DDDF59249932FB00AFF31D /* Base */,
			);
			name = LaunchScreen.storyboard;
			sourceTree = "<group>";
		};
/* End PBXVariantGroup section */

/* Begin XCBuildConfiguration section */
		B1DDDF5C249932FB00AFF31D /* Debug */ = {
			isa = XCBuildConfiguration;
			buildSettings = {
				ALWAYS_SEARCH_USER_PATHS = NO;
				CLANG_ANALYZER_NONNULL = YES;
				CLANG_ANALYZER_NUMBER_OBJECT_CONVERSION = YES_AGGRESSIVE;
				CLANG_CXX_LANGUAGE_STANDARD = "gnu++14";
				CLANG_CXX_LIBRARY = "libc++";
				CLANG_ENABLE_MODULES = YES;
				CLANG_ENABLE_OBJC_ARC = YES;
				CLANG_ENABLE_OBJC_WEAK = YES;
				CLANG_WARN_BLOCK_CAPTURE_AUTORELEASING = YES;
				CLANG_WARN_BOOL_CONVERSION = YES;
				CLANG_WARN_COMMA = YES;
				CLANG_WARN_CONSTANT_CONVERSION = YES;
				CLANG_WARN_DEPRECATED_OBJC_IMPLEMENTATIONS = YES;
				CLANG_WARN_DIRECT_OBJC_ISA_USAGE = YES_ERROR;
				CLANG_WARN_DOCUMENTATION_COMMENTS = YES;
				CLANG_WARN_EMPTY_BODY = YES;
				CLANG_WARN_ENUM_CONVERSION = YES;
				CLANG_WARN_INFINITE_RECURSION = YES;
				CLANG_WARN_INT_CONVERSION = YES;
				CLANG_WARN_NON_LITERAL_NULL_CONVERSION = YES;
				CLANG_WARN_OBJC_IMPLICIT_RETAIN_SELF = YES;
				CLANG_WARN_OBJC_LITERAL_CONVERSION = YES;
				CLANG_WARN_OBJC_ROOT_CLASS = YES_ERROR;
				CLANG_WARN_RANGE_LOOP_ANALYSIS = YES;
				CLANG_WARN_STRICT_PROTOTYPES = YES;
				CLANG_WARN_SUSPICIOUS_MOVE = YES;
				CLANG_WARN_UNGUARDED_AVAILABILITY = YES_AGGRESSIVE;
				CLANG_WARN_UNREACHABLE_CODE = YES;
				CLANG_WARN__DUPLICATE_METHOD_MATCH = YES;
				COPY_PHASE_STRIP = NO;
				DEBUG_INFORMATION_FORMAT = dwarf;
				ENABLE_STRICT_OBJC_MSGSEND = YES;
				ENABLE_TESTABILITY = YES;
				GCC_C_LANGUAGE_STANDARD = gnu11;
				GCC_DYNAMIC_NO_PIC = NO;
				GCC_NO_COMMON_BLOCKS = YES;
				GCC_OPTIMIZATION_LEVEL = 0;
				GCC_PREPROCESSOR_DEFINITIONS = (
					"DEBUG=1",
					"$(inherited)",
				);
				GCC_WARN_64_TO_32_BIT_CONVERSION = YES;
				GCC_WARN_ABOUT_RETURN_TYPE = YES_ERROR;
				GCC_WARN_UNDECLARED_SELECTOR = YES;
				GCC_WARN_UNINITIALIZED_AUTOS = YES_AGGRESSIVE;
				GCC_WARN_UNUSED_FUNCTION = YES;
				GCC_WARN_UNUSED_VARIABLE = YES;
				IPHONEOS_DEPLOYMENT_TARGET = 13.4;
				MTL_ENABLE_DEBUG_INFO = INCLUDE_SOURCE;
				MTL_FAST_MATH = YES;
				ONLY_ACTIVE_ARCH = YES;
				SDKROOT = iphoneos;
				SWIFT_ACTIVE_COMPILATION_CONDITIONS = DEBUG;
				SWIFT_OPTIMIZATION_LEVEL = "-Onone";
			};
			name = Debug;
		};
		B1DDDF5D249932FB00AFF31D /* Release */ = {
			isa = XCBuildConfiguration;
			buildSettings = {
				ALWAYS_SEARCH_USER_PATHS = NO;
				CLANG_ANALYZER_NONNULL = YES;
				CLANG_ANALYZER_NUMBER_OBJECT_CONVERSION = YES_AGGRESSIVE;
				CLANG_CXX_LANGUAGE_STANDARD = "gnu++14";
				CLANG_CXX_LIBRARY = "libc++";
				CLANG_ENABLE_MODULES = YES;
				CLANG_ENABLE_OBJC_ARC = YES;
				CLANG_ENABLE_OBJC_WEAK = YES;
				CLANG_WARN_BLOCK_CAPTURE_AUTORELEASING = YES;
				CLANG_WARN_BOOL_CONVERSION = YES;
				CLANG_WARN_COMMA = YES;
				CLANG_WARN_CONSTANT_CONVERSION = YES;
				CLANG_WARN_DEPRECATED_OBJC_IMPLEMENTATIONS = YES;
				CLANG_WARN_DIRECT_OBJC_ISA_USAGE = YES_ERROR;
				CLANG_WARN_DOCUMENTATION_COMMENTS = YES;
				CLANG_WARN_EMPTY_BODY = YES;
				CLANG_WARN_ENUM_CONVERSION = YES;
				CLANG_WARN_INFINITE_RECURSION = YES;
				CLANG_WARN_INT_CONVERSION = YES;
				CLANG_WARN_NON_LITERAL_NULL_CONVERSION = YES;
				CLANG_WARN_OBJC_IMPLICIT_RETAIN_SELF = YES;
				CLANG_WARN_OBJC_LITERAL_CONVERSION = YES;
				CLANG_WARN_OBJC_ROOT_CLASS = YES_ERROR;
				CLANG_WARN_RANGE_LOOP_ANALYSIS = YES;
				CLANG_WARN_STRICT_PROTOTYPES = YES;
				CLANG_WARN_SUSPICIOUS_MOVE = YES;
				CLANG_WARN_UNGUARDED_AVAILABILITY = YES_AGGRESSIVE;
				CLANG_WARN_UNREACHABLE_CODE = YES;
				CLANG_WARN__DUPLICATE_METHOD_MATCH = YES;
				COPY_PHASE_STRIP = NO;
				DEBUG_INFORMATION_FORMAT = "dwarf-with-dsym";
				ENABLE_NS_ASSERTIONS = NO;
				ENABLE_STRICT_OBJC_MSGSEND = YES;
				GCC_C_LANGUAGE_STANDARD = gnu11;
				GCC_NO_COMMON_BLOCKS = YES;
				GCC_WARN_64_TO_32_BIT_CONVERSION = YES;
				GCC_WARN_ABOUT_RETURN_TYPE = YES_ERROR;
				GCC_WARN_UNDECLARED_SELECTOR = YES;
				GCC_WARN_UNINITIALIZED_AUTOS = YES_AGGRESSIVE;
				GCC_WARN_UNUSED_FUNCTION = YES;
				GCC_WARN_UNUSED_VARIABLE = YES;
				IPHONEOS_DEPLOYMENT_TARGET = 13.4;
				MTL_ENABLE_DEBUG_INFO = NO;
				MTL_FAST_MATH = YES;
				SDKROOT = iphoneos;
				SWIFT_COMPILATION_MODE = wholemodule;
				SWIFT_OPTIMIZATION_LEVEL = "-O";
				VALIDATE_PRODUCT = YES;
			};
			name = Release;
		};
		B1DDDF5F249932FB00AFF31D /* Debug */ = {
			isa = XCBuildConfiguration;
			buildSettings = {
				ASSETCATALOG_COMPILER_APPICON_NAME = AppIcon;
				CODE_SIGN_STYLE = Automatic;
				INFOPLIST_FILE = skillbox_11.1/Info.plist;
				LD_RUNPATH_SEARCH_PATHS = (
					"$(inherited)",
					"@executable_path/Frameworks",
				);
				PRODUCT_BUNDLE_IDENTIFIER = "maxibello.skillbox-11-1";
				PRODUCT_NAME = "$(TARGET_NAME)";
				SWIFT_VERSION = 5.0;
				TARGETED_DEVICE_FAMILY = "1,2";
			};
			name = Debug;
		};
		B1DDDF60249932FB00AFF31D /* Release */ = {
			isa = XCBuildConfiguration;
			buildSettings = {
				ASSETCATALOG_COMPILER_APPICON_NAME = AppIcon;
				CODE_SIGN_STYLE = Automatic;
				INFOPLIST_FILE = skillbox_11.1/Info.plist;
				LD_RUNPATH_SEARCH_PATHS = (
					"$(inherited)",
					"@executable_path/Frameworks",
				);
				PRODUCT_BUNDLE_IDENTIFIER = "maxibello.skillbox-11-1";
				PRODUCT_NAME = "$(TARGET_NAME)";
				SWIFT_VERSION = 5.0;
				TARGETED_DEVICE_FAMILY = "1,2";
			};
			name = Release;
		};
/* End XCBuildConfiguration section */

/* Begin XCConfigurationList section */
		B1DDDF45249932F800AFF31D /* Build configuration list for PBXProject "skillbox_11.1" */ = {
			isa = XCConfigurationList;
			buildConfigurations = (
				B1DDDF5C249932FB00AFF31D /* Debug */,
				B1DDDF5D249932FB00AFF31D /* Release */,
			);
			defaultConfigurationIsVisible = 0;
			defaultConfigurationName = Release;
		};
		B1DDDF5E249932FB00AFF31D /* Build configuration list for PBXNativeTarget "skillbox_11.1" */ = {
			isa = XCConfigurationList;
			buildConfigurations = (
				B1DDDF5F249932FB00AFF31D /* Debug */,
				B1DDDF60249932FB00AFF31D /* Release */,
			);
			defaultConfigurationIsVisible = 0;
			defaultConfigurationName = Release;
		};
/* End XCConfigurationList section */
	};
	rootObject = B1DDDF42249932F800AFF31D /* Project object */;
}
