// !$*UTF8*$!
{
	archiveVersion = 1;
	classes = {
	};
	objectVersion = 50;
	objects = {

/* Begin PBXBuildFile section */
		B13661D324686A7B003E559D /* SwitchViewCell.swift in Sources */ = {isa = PBXBuildFile; fileRef = B13661D224686A7B003E559D /* SwitchViewCell.swift */; };
		B13661D524686A8F003E559D /* DisclosureViewCell.swift in Sources */ = {isa = PBXBuildFile; fileRef = B13661D424686A8F003E559D /* DisclosureViewCell.swift */; };
		B158EDCF2466998D0028F06B /* AppDelegate.swift in Sources */ = {isa = PBXBuildFile; fileRef = B158EDCE2466998D0028F06B /* AppDelegate.swift */; };
		B158EDD12466998D0028F06B /* SceneDelegate.swift in Sources */ = {isa = PBXBuildFile; fileRef = B158EDD02466998D0028F06B /* SceneDelegate.swift */; };
		B158EDD32466998D0028F06B /* CollectionViewController.swift in Sources */ = {isa = PBXBuildFile; fileRef = B158EDD22466998D0028F06B /* CollectionViewController.swift */; };
		B158EDD62466998D0028F06B /* Main.storyboard in Resources */ = {isa = PBXBuildFile; fileRef = B158EDD42466998D0028F06B /* Main.storyboard */; };
		B158EDD82466998E0028F06B /* Assets.xcassets in Resources */ = {isa = PBXBuildFile; fileRef = B158EDD72466998E0028F06B /* Assets.xcassets */; };
		B158EDDB2466998E0028F06B /* LaunchScreen.storyboard in Resources */ = {isa = PBXBuildFile; fileRef = B158EDD92466998E0028F06B /* LaunchScreen.storyboard */; };
		B158EDF02466A6220028F06B /* ShopItemViewCell.swift in Sources */ = {isa = PBXBuildFile; fileRef = B158EDEF2466A6220028F06B /* ShopItemViewCell.swift */; };
		B158EDF32466A6D00028F06B /* ShopItemModel.swift in Sources */ = {isa = PBXBuildFile; fileRef = B158EDF22466A6D00028F06B /* ShopItemModel.swift */; };
		B1EACB0F24681B5F005C5221 /* TableViewController.swift in Sources */ = {isa = PBXBuildFile; fileRef = B1EACB0E24681B5F005C5221 /* TableViewController.swift */; };
		B1EACB1124682205005C5221 /* SettingItem.swift in Sources */ = {isa = PBXBuildFile; fileRef = B1EACB1024682205005C5221 /* SettingItem.swift */; };
/* End PBXBuildFile section */

/* Begin PBXFileReference section */
		B13661D224686A7B003E559D /* SwitchViewCell.swift */ = {isa = PBXFileReference; lastKnownFileType = sourcecode.swift; path = SwitchViewCell.swift; sourceTree = "<group>"; };
		B13661D424686A8F003E559D /* DisclosureViewCell.swift */ = {isa = PBXFileReference; lastKnownFileType = sourcecode.swift; path = DisclosureViewCell.swift; sourceTree = "<group>"; };
		B158EDCB2466998D0028F06B /* skillbox_10.app */ = {isa = PBXFileReference; explicitFileType = wrapper.application; includeInIndex = 0; path = skillbox_10.app; sourceTree = BUILT_PRODUCTS_DIR; };
		B158EDCE2466998D0028F06B /* AppDelegate.swift */ = {isa = PBXFileReference; lastKnownFileType = sourcecode.swift; path = AppDelegate.swift; sourceTree = "<group>"; };
		B158EDD02466998D0028F06B /* SceneDelegate.swift */ = {isa = PBXFileReference; lastKnownFileType = sourcecode.swift; path = SceneDelegate.swift; sourceTree = "<group>"; };
		B158EDD22466998D0028F06B /* CollectionViewController.swift */ = {isa = PBXFileReference; lastKnownFileType = sourcecode.swift; path = CollectionViewController.swift; sourceTree = "<group>"; };
		B158EDD52466998D0028F06B /* Base */ = {isa = PBXFileReference; lastKnownFileType = file.storyboard; name = Base; path = Base.lproj/Main.storyboard; sourceTree = "<group>"; };
		B158EDD72466998E0028F06B /* Assets.xcassets */ = {isa = PBXFileReference; lastKnownFileType = folder.assetcatalog; path = Assets.xcassets; sourceTree = "<group>"; };
		B158EDDA2466998E0028F06B /* Base */ = {isa = PBXFileReference; lastKnownFileType = file.storyboard; name = Base; path = Base.lproj/LaunchScreen.storyboard; sourceTree = "<group>"; };
		B158EDDC2466998E0028F06B /* Info.plist */ = {isa = PBXFileReference; lastKnownFileType = text.plist.xml; path = Info.plist; sourceTree = "<group>"; };
		B158EDEF2466A6220028F06B /* ShopItemViewCell.swift */ = {isa = PBXFileReference; lastKnownFileType = sourcecode.swift; path = ShopItemViewCell.swift; sourceTree = "<group>"; };
		B158EDF22466A6D00028F06B /* ShopItemModel.swift */ = {isa = PBXFileReference; lastKnownFileType = sourcecode.swift; path = ShopItemModel.swift; sourceTree = "<group>"; };
		B1EACB0E24681B5F005C5221 /* TableViewController.swift */ = {isa = PBXFileReference; lastKnownFileType = sourcecode.swift; path = TableViewController.swift; sourceTree = "<group>"; };
		B1EACB1024682205005C5221 /* SettingItem.swift */ = {isa = PBXFileReference; lastKnownFileType = sourcecode.swift; path = SettingItem.swift; sourceTree = "<group>"; };
/* End PBXFileReference section */

/* Begin PBXFrameworksBuildPhase section */
		B158EDC82466998D0028F06B /* Frameworks */ = {
			isa = PBXFrameworksBuildPhase;
			buildActionMask = 2147483647;
			files = (
			);
			runOnlyForDeploymentPostprocessing = 0;
		};
/* End PBXFrameworksBuildPhase section */

/* Begin PBXGroup section */
		B13661D124686A1E003E559D /* View */ = {
			isa = PBXGroup;
			children = (
				B158EDEF2466A6220028F06B /* ShopItemViewCell.swift */,
				B13661D224686A7B003E559D /* SwitchViewCell.swift */,
				B13661D424686A8F003E559D /* DisclosureViewCell.swift */,
			);
			path = View;
			sourceTree = "<group>";
		};
		B158EDC22466998D0028F06B = {
			isa = PBXGroup;
			children = (
				B158EDCD2466998D0028F06B /* skillbox_10 */,
				B158EDCC2466998D0028F06B /* Products */,
			);
			sourceTree = "<group>";
		};
		B158EDCC2466998D0028F06B /* Products */ = {
			isa = PBXGroup;
			children = (
				B158EDCB2466998D0028F06B /* skillbox_10.app */,
			);
			name = Products;
			sourceTree = "<group>";
		};
		B158EDCD2466998D0028F06B /* skillbox_10 */ = {
			isa = PBXGroup;
			children = (
				B13661D124686A1E003E559D /* View */,
				B1EACB2424686837005C5221 /* Controller */,
				B158EDF12466A6C10028F06B /* Model */,
				B158EDCE2466998D0028F06B /* AppDelegate.swift */,
				B158EDD02466998D0028F06B /* SceneDelegate.swift */,
				B158EDD42466998D0028F06B /* Main.storyboard */,
				B158EDD72466998E0028F06B /* Assets.xcassets */,
				B158EDD92466998E0028F06B /* LaunchScreen.storyboard */,
				B158EDDC2466998E0028F06B /* Info.plist */,
			);
			path = skillbox_10;
			sourceTree = "<group>";
		};
		B158EDF12466A6C10028F06B /* Model */ = {
			isa = PBXGroup;
			children = (
				B158EDF22466A6D00028F06B /* ShopItemModel.swift */,
				B1EACB1024682205005C5221 /* SettingItem.swift */,
			);
			path = Model;
			sourceTree = "<group>";
		};
		B1EACB2424686837005C5221 /* Controller */ = {
			isa = PBXGroup;
			children = (
				B158EDD22466998D0028F06B /* CollectionViewController.swift */,
				B1EACB0E24681B5F005C5221 /* TableViewController.swift */,
			);
			path = Controller;
			sourceTree = "<group>";
		};
/* End PBXGroup section */

/* Begin PBXNativeTarget section */
		B158EDCA2466998D0028F06B /* skillbox_10 */ = {
			isa = PBXNativeTarget;
			buildConfigurationList = B158EDDF2466998E0028F06B /* Build configuration list for PBXNativeTarget "skillbox_10" */;
			buildPhases = (
				B158EDC72466998D0028F06B /* Sources */,
				B158EDC82466998D0028F06B /* Frameworks */,
				B158EDC92466998D0028F06B /* Resources */,
			);
			buildRules = (
			);
			dependencies = (
			);
			name = skillbox_10;
			productName = skillbox_10;
			productReference = B158EDCB2466998D0028F06B /* skillbox_10.app */;
			productType = "com.apple.product-type.application";
		};
/* End PBXNativeTarget section */

/* Begin PBXProject section */
		B158EDC32466998D0028F06B /* Project object */ = {
			isa = PBXProject;
			attributes = {
				LastSwiftUpdateCheck = 1140;
				LastUpgradeCheck = 1140;
				ORGANIZATIONNAME = "Максим Кузнецов";
				TargetAttributes = {
					B158EDCA2466998D0028F06B = {
						CreatedOnToolsVersion = 11.4;
					};
				};
			};
			buildConfigurationList = B158EDC62466998D0028F06B /* Build configuration list for PBXProject "skillbox_10" */;
			compatibilityVersion = "Xcode 9.3";
			developmentRegion = en;
			hasScannedForEncodings = 0;
			knownRegions = (
				en,
				Base,
			);
			mainGroup = B158EDC22466998D0028F06B;
			productRefGroup = B158EDCC2466998D0028F06B /* Products */;
			projectDirPath = "";
			projectRoot = "";
			targets = (
				B158EDCA2466998D0028F06B /* skillbox_10 */,
			);
		};
/* End PBXProject section */

/* Begin PBXResourcesBuildPhase section */
		B158EDC92466998D0028F06B /* Resources */ = {
			isa = PBXResourcesBuildPhase;
			buildActionMask = 2147483647;
			files = (
				B158EDDB2466998E0028F06B /* LaunchScreen.storyboard in Resources */,
				B158EDD82466998E0028F06B /* Assets.xcassets in Resources */,
				B158EDD62466998D0028F06B /* Main.storyboard in Resources */,
			);
			runOnlyForDeploymentPostprocessing = 0;
		};
/* End PBXResourcesBuildPhase section */

/* Begin PBXSourcesBuildPhase section */
		B158EDC72466998D0028F06B /* Sources */ = {
			isa = PBXSourcesBuildPhase;
			buildActionMask = 2147483647;
			files = (
				B1EACB1124682205005C5221 /* SettingItem.swift in Sources */,
				B158EDD32466998D0028F06B /* CollectionViewController.swift in Sources */,
				B1EACB0F24681B5F005C5221 /* TableViewController.swift in Sources */,
				B13661D524686A8F003E559D /* DisclosureViewCell.swift in Sources */,
				B158EDF32466A6D00028F06B /* ShopItemModel.swift in Sources */,
				B13661D324686A7B003E559D /* SwitchViewCell.swift in Sources */,
				B158EDF02466A6220028F06B /* ShopItemViewCell.swift in Sources */,
				B158EDCF2466998D0028F06B /* AppDelegate.swift in Sources */,
				B158EDD12466998D0028F06B /* SceneDelegate.swift in Sources */,
			);
			runOnlyForDeploymentPostprocessing = 0;
		};
/* End PBXSourcesBuildPhase section */

/* Begin PBXVariantGroup section */
		B158EDD42466998D0028F06B /* Main.storyboard */ = {
			isa = PBXVariantGroup;
			children = (
				B158EDD52466998D0028F06B /* Base */,
			);
			name = Main.storyboard;
			sourceTree = "<group>";
		};
		B158EDD92466998E0028F06B /* LaunchScreen.storyboard */ = {
			isa = PBXVariantGroup;
			children = (
				B158EDDA2466998E0028F06B /* Base */,
			);
			name = LaunchScreen.storyboard;
			sourceTree = "<group>";
		};
/* End PBXVariantGroup section */

/* Begin XCBuildConfiguration section */
		B158EDDD2466998E0028F06B /* Debug */ = {
			isa = XCBuildConfiguration;
			buildSettings = {
				ALWAYS_SEARCH_USER_PATHS = NO;
				CLANG_ANALYZER_NONNULL = YES;
				CLANG_ANALYZER_NUMBER_OBJECT_CONVERSION = YES_AGGRESSIVE;
				CLANG_CXX_LANGUAGE_STANDARD = "gnu++14";
				CLANG_CXX_LIBRARY = "libc++";
				CLANG_ENABLE_MODULES = YES;
				CLANG_ENABLE_OBJC_ARC = YES;
				CLANG_ENABLE_OBJC_WEAK = YES;
				CLANG_WARN_BLOCK_CAPTURE_AUTORELEASING = YES;
				CLANG_WARN_BOOL_CONVERSION = YES;
				CLANG_WARN_COMMA = YES;
				CLANG_WARN_CONSTANT_CONVERSION = YES;
				CLANG_WARN_DEPRECATED_OBJC_IMPLEMENTATIONS = YES;
				CLANG_WARN_DIRECT_OBJC_ISA_USAGE = YES_ERROR;
				CLANG_WARN_DOCUMENTATION_COMMENTS = YES;
				CLANG_WARN_EMPTY_BODY = YES;
				CLANG_WARN_ENUM_CONVERSION = YES;
				CLANG_WARN_INFINITE_RECURSION = YES;
				CLANG_WARN_INT_CONVERSION = YES;
				CLANG_WARN_NON_LITERAL_NULL_CONVERSION = YES;
				CLANG_WARN_OBJC_IMPLICIT_RETAIN_SELF = YES;
				CLANG_WARN_OBJC_LITERAL_CONVERSION = YES;
				CLANG_WARN_OBJC_ROOT_CLASS = YES_ERROR;
				CLANG_WARN_RANGE_LOOP_ANALYSIS = YES;
				CLANG_WARN_STRICT_PROTOTYPES = YES;
				CLANG_WARN_SUSPICIOUS_MOVE = YES;
				CLANG_WARN_UNGUARDED_AVAILABILITY = YES_AGGRESSIVE;
				CLANG_WARN_UNREACHABLE_CODE = YES;
				CLANG_WARN__DUPLICATE_METHOD_MATCH = YES;
				COPY_PHASE_STRIP = NO;
				DEBUG_INFORMATION_FORMAT = dwarf;
				ENABLE_STRICT_OBJC_MSGSEND = YES;
				ENABLE_TESTABILITY = YES;
				GCC_C_LANGUAGE_STANDARD = gnu11;
				GCC_DYNAMIC_NO_PIC = NO;
				GCC_NO_COMMON_BLOCKS = YES;
				GCC_OPTIMIZATION_LEVEL = 0;
				GCC_PREPROCESSOR_DEFINITIONS = (
					"DEBUG=1",
					"$(inherited)",
				);
				GCC_WARN_64_TO_32_BIT_CONVERSION = YES;
				GCC_WARN_ABOUT_RETURN_TYPE = YES_ERROR;
				GCC_WARN_UNDECLARED_SELECTOR = YES;
				GCC_WARN_UNINITIALIZED_AUTOS = YES_AGGRESSIVE;
				GCC_WARN_UNUSED_FUNCTION = YES;
				GCC_WARN_UNUSED_VARIABLE = YES;
				IPHONEOS_DEPLOYMENT_TARGET = 13.4;
				MTL_ENABLE_DEBUG_INFO = INCLUDE_SOURCE;
				MTL_FAST_MATH = YES;
				ONLY_ACTIVE_ARCH = YES;
				SDKROOT = iphoneos;
				SWIFT_ACTIVE_COMPILATION_CONDITIONS = DEBUG;
				SWIFT_OPTIMIZATION_LEVEL = "-Onone";
			};
			name = Debug;
		};
		B158EDDE2466998E0028F06B /* Release */ = {
			isa = XCBuildConfiguration;
			buildSettings = {
				ALWAYS_SEARCH_USER_PATHS = NO;
				CLANG_ANALYZER_NONNULL = YES;
				CLANG_ANALYZER_NUMBER_OBJECT_CONVERSION = YES_AGGRESSIVE;
				CLANG_CXX_LANGUAGE_STANDARD = "gnu++14";
				CLANG_CXX_LIBRARY = "libc++";
				CLANG_ENABLE_MODULES = YES;
				CLANG_ENABLE_OBJC_ARC = YES;
				CLANG_ENABLE_OBJC_WEAK = YES;
				CLANG_WARN_BLOCK_CAPTURE_AUTORELEASING = YES;
				CLANG_WARN_BOOL_CONVERSION = YES;
				CLANG_WARN_COMMA = YES;
				CLANG_WARN_CONSTANT_CONVERSION = YES;
				CLANG_WARN_DEPRECATED_OBJC_IMPLEMENTATIONS = YES;
				CLANG_WARN_DIRECT_OBJC_ISA_USAGE = YES_ERROR;
				CLANG_WARN_DOCUMENTATION_COMMENTS = YES;
				CLANG_WARN_EMPTY_BODY = YES;
				CLANG_WARN_ENUM_CONVERSION = YES;
				CLANG_WARN_INFINITE_RECURSION = YES;
				CLANG_WARN_INT_CONVERSION = YES;
				CLANG_WARN_NON_LITERAL_NULL_CONVERSION = YES;
				CLANG_WARN_OBJC_IMPLICIT_RETAIN_SELF = YES;
				CLANG_WARN_OBJC_LITERAL_CONVERSION = YES;
				CLANG_WARN_OBJC_ROOT_CLASS = YES_ERROR;
				CLANG_WARN_RANGE_LOOP_ANALYSIS = YES;
				CLANG_WARN_STRICT_PROTOTYPES = YES;
				CLANG_WARN_SUSPICIOUS_MOVE = YES;
				CLANG_WARN_UNGUARDED_AVAILABILITY = YES_AGGRESSIVE;
				CLANG_WARN_UNREACHABLE_CODE = YES;
				CLANG_WARN__DUPLICATE_METHOD_MATCH = YES;
				COPY_PHASE_STRIP = NO;
				DEBUG_INFORMATION_FORMAT = "dwarf-with-dsym";
				ENABLE_NS_ASSERTIONS = NO;
				ENABLE_STRICT_OBJC_MSGSEND = YES;
				GCC_C_LANGUAGE_STANDARD = gnu11;
				GCC_NO_COMMON_BLOCKS = YES;
				GCC_WARN_64_TO_32_BIT_CONVERSION = YES;
				GCC_WARN_ABOUT_RETURN_TYPE = YES_ERROR;
				GCC_WARN_UNDECLARED_SELECTOR = YES;
				GCC_WARN_UNINITIALIZED_AUTOS = YES_AGGRESSIVE;
				GCC_WARN_UNUSED_FUNCTION = YES;
				GCC_WARN_UNUSED_VARIABLE = YES;
				IPHONEOS_DEPLOYMENT_TARGET = 13.4;
				MTL_ENABLE_DEBUG_INFO = NO;
				MTL_FAST_MATH = YES;
				SDKROOT = iphoneos;
				SWIFT_COMPILATION_MODE = wholemodule;
				SWIFT_OPTIMIZATION_LEVEL = "-O";
				VALIDATE_PRODUCT = YES;
			};
			name = Release;
		};
		B158EDE02466998E0028F06B /* Debug */ = {
			isa = XCBuildConfiguration;
			buildSettings = {
				ASSETCATALOG_COMPILER_APPICON_NAME = AppIcon;
				CODE_SIGN_STYLE = Automatic;
				INFOPLIST_FILE = skillbox_10/Info.plist;
				LD_RUNPATH_SEARCH_PATHS = (
					"$(inherited)",
					"@executable_path/Frameworks",
				);
				PRODUCT_BUNDLE_IDENTIFIER = "maxibello.skillbox-10";
				PRODUCT_NAME = "$(TARGET_NAME)";
				SWIFT_VERSION = 5.0;
				TARGETED_DEVICE_FAMILY = "1,2";
			};
			name = Debug;
		};
		B158EDE12466998E0028F06B /* Release */ = {
			isa = XCBuildConfiguration;
			buildSettings = {
				ASSETCATALOG_COMPILER_APPICON_NAME = AppIcon;
				CODE_SIGN_STYLE = Automatic;
				INFOPLIST_FILE = skillbox_10/Info.plist;
				LD_RUNPATH_SEARCH_PATHS = (
					"$(inherited)",
					"@executable_path/Frameworks",
				);
				PRODUCT_BUNDLE_IDENTIFIER = "maxibello.skillbox-10";
				PRODUCT_NAME = "$(TARGET_NAME)";
				SWIFT_VERSION = 5.0;
				TARGETED_DEVICE_FAMILY = "1,2";
			};
			name = Release;
		};
/* End XCBuildConfiguration section */

/* Begin XCConfigurationList section */
		B158EDC62466998D0028F06B /* Build configuration list for PBXProject "skillbox_10" */ = {
			isa = XCConfigurationList;
			buildConfigurations = (
				B158EDDD2466998E0028F06B /* Debug */,
				B158EDDE2466998E0028F06B /* Release */,
			);
			defaultConfigurationIsVisible = 0;
			defaultConfigurationName = Release;
		};
		B158EDDF2466998E0028F06B /* Build configuration list for PBXNativeTarget "skillbox_10" */ = {
			isa = XCConfigurationList;
			buildConfigurations = (
				B158EDE02466998E0028F06B /* Debug */,
				B158EDE12466998E0028F06B /* Release */,
			);
			defaultConfigurationIsVisible = 0;
			defaultConfigurationName = Release;
		};
/* End XCConfigurationList section */
	};
	rootObject = B158EDC32466998D0028F06B /* Project object */;
}
