// !$*UTF8*$!
{
	archiveVersion = 1;
	classes = {
	};
	objectVersion = 51;
	objects = {

/* Begin PBXBuildFile section */
		CD7D934426BFF02A00D8972E /* AppDelegate.swift in Sources */ = {isa = PBXBuildFile; fileRef = CD7D934326BFF02A00D8972E /* AppDelegate.swift */; };
		CD7D934626BFF02A00D8972E /* SceneDelegate.swift in Sources */ = {isa = PBXBuildFile; fileRef = CD7D934526BFF02A00D8972E /* SceneDelegate.swift */; };
		CD7D934826BFF02A00D8972E /* ViewController.swift in Sources */ = {isa = PBXBuildFile; fileRef = CD7D934726BFF02A00D8972E /* ViewController.swift */; };
		CD7D934B26BFF02A00D8972E /* Main.storyboard in Resources */ = {isa = PBXBuildFile; fileRef = CD7D934926BFF02A00D8972E /* Main.storyboard */; };
		CD7D934D26BFF02C00D8972E /* Assets.xcassets in Resources */ = {isa = PBXBuildFile; fileRef = CD7D934C26BFF02C00D8972E /* Assets.xcassets */; };
		CD7D935026BFF02C00D8972E /* LaunchScreen.storyboard in Resources */ = {isa = PBXBuildFile; fileRef = CD7D934E26BFF02C00D8972E /* LaunchScreen.storyboard */; };
		CD7D935826C0114300D8972E /* ApartmentsPricer.mlmodel in Sources */ = {isa = PBXBuildFile; fileRef = CD7D935726C0114300D8972E /* ApartmentsPricer.mlmodel */; };
/* End PBXBuildFile section */

/* Begin PBXFileReference section */
		CD7D934026BFF02A00D8972E /* FlatPredictions.app */ = {isa = PBXFileReference; explicitFileType = wrapper.application; includeInIndex = 0; path = FlatPredictions.app; sourceTree = BUILT_PRODUCTS_DIR; };
		CD7D934326BFF02A00D8972E /* AppDelegate.swift */ = {isa = PBXFileReference; lastKnownFileType = sourcecode.swift; path = AppDelegate.swift; sourceTree = "<group>"; };
		CD7D934526BFF02A00D8972E /* SceneDelegate.swift */ = {isa = PBXFileReference; lastKnownFileType = sourcecode.swift; path = SceneDelegate.swift; sourceTree = "<group>"; };
		CD7D934726BFF02A00D8972E /* ViewController.swift */ = {isa = PBXFileReference; lastKnownFileType = sourcecode.swift; path = ViewController.swift; sourceTree = "<group>"; };
		CD7D934A26BFF02A00D8972E /* Base */ = {isa = PBXFileReference; lastKnownFileType = file.storyboard; name = Base; path = Base.lproj/Main.storyboard; sourceTree = "<group>"; };
		CD7D934C26BFF02C00D8972E /* Assets.xcassets */ = {isa = PBXFileReference; lastKnownFileType = folder.assetcatalog; path = Assets.xcassets; sourceTree = "<group>"; };
		CD7D934F26BFF02C00D8972E /* Base */ = {isa = PBXFileReference; lastKnownFileType = file.storyboard; name = Base; path = Base.lproj/LaunchScreen.storyboard; sourceTree = "<group>"; };
		CD7D935126BFF02C00D8972E /* Info.plist */ = {isa = PBXFileReference; lastKnownFileType = text.plist.xml; path = Info.plist; sourceTree = "<group>"; };
		CD7D935726C0114300D8972E /* ApartmentsPricer.mlmodel */ = {isa = PBXFileReference; lastKnownFileType = file.mlmodel; path = ApartmentsPricer.mlmodel; sourceTree = "<group>"; };
/* End PBXFileReference section */

/* Begin PBXFrameworksBuildPhase section */
		CD7D933D26BFF02A00D8972E /* Frameworks */ = {
			isa = PBXFrameworksBuildPhase;
			buildActionMask = 2147483647;
			files = (
			);
			runOnlyForDeploymentPostprocessing = 0;
		};
/* End PBXFrameworksBuildPhase section */

/* Begin PBXGroup section */
		2BD95CB8C6077B716563BB49 /* Pods */ = {
			isa = PBXGroup;
			children = (
			);
			path = Pods;
			sourceTree = "<group>";
		};
		CD7D933726BFF02A00D8972E = {
			isa = PBXGroup;
			children = (
				CD7D935726C0114300D8972E /* ApartmentsPricer.mlmodel */,
				CD7D934226BFF02A00D8972E /* FlatPredictions */,
				CD7D934126BFF02A00D8972E /* Products */,
				2BD95CB8C6077B716563BB49 /* Pods */,
			);
			sourceTree = "<group>";
		};
		CD7D934126BFF02A00D8972E /* Products */ = {
			isa = PBXGroup;
			children = (
				CD7D934026BFF02A00D8972E /* FlatPredictions.app */,
			);
			name = Products;
			sourceTree = "<group>";
		};
		CD7D934226BFF02A00D8972E /* FlatPredictions */ = {
			isa = PBXGroup;
			children = (
				CD7D934326BFF02A00D8972E /* AppDelegate.swift */,
				CD7D934526BFF02A00D8972E /* SceneDelegate.swift */,
				CD7D934726BFF02A00D8972E /* ViewController.swift */,
				CD7D934926BFF02A00D8972E /* Main.storyboard */,
				CD7D934C26BFF02C00D8972E /* Assets.xcassets */,
				CD7D934E26BFF02C00D8972E /* LaunchScreen.storyboard */,
				CD7D935126BFF02C00D8972E /* Info.plist */,
			);
			path = FlatPredictions;
			sourceTree = "<group>";
		};
/* End PBXGroup section */

/* Begin PBXNativeTarget section */
		CD7D933F26BFF02A00D8972E /* FlatPredictions */ = {
			isa = PBXNativeTarget;
			buildConfigurationList = CD7D935426BFF02C00D8972E /* Build configuration list for PBXNativeTarget "FlatPredictions" */;
			buildPhases = (
				CD7D933C26BFF02A00D8972E /* Sources */,
				CD7D933D26BFF02A00D8972E /* Frameworks */,
				CD7D933E26BFF02A00D8972E /* Resources */,
			);
			buildRules = (
			);
			dependencies = (
			);
			name = FlatPredictions;
			productName = FlatPredictions;
			productReference = CD7D934026BFF02A00D8972E /* FlatPredictions.app */;
			productType = "com.apple.product-type.application";
		};
/* End PBXNativeTarget section */

/* Begin PBXProject section */
		CD7D933826BFF02A00D8972E /* Project object */ = {
			isa = PBXProject;
			attributes = {
				LastSwiftUpdateCheck = 1250;
				LastUpgradeCheck = 1250;
				TargetAttributes = {
					CD7D933F26BFF02A00D8972E = {
						CreatedOnToolsVersion = 12.5.1;
					};
				};
			};
			buildConfigurationList = CD7D933B26BFF02A00D8972E /* Build configuration list for PBXProject "FlatPredictions" */;
			compatibilityVersion = "Xcode 9.3";
			developmentRegion = en;
			hasScannedForEncodings = 0;
			knownRegions = (
				en,
				Base,
			);
			mainGroup = CD7D933726BFF02A00D8972E;
			productRefGroup = CD7D934126BFF02A00D8972E /* Products */;
			projectDirPath = "";
			projectRoot = "";
			targets = (
				CD7D933F26BFF02A00D8972E /* FlatPredictions */,
			);
		};
/* End PBXProject section */

/* Begin PBXResourcesBuildPhase section */
		CD7D933E26BFF02A00D8972E /* Resources */ = {
			isa = PBXResourcesBuildPhase;
			buildActionMask = 2147483647;
			files = (
				CD7D935026BFF02C00D8972E /* LaunchScreen.storyboard in Resources */,
				CD7D934D26BFF02C00D8972E /* Assets.xcassets in Resources */,
				CD7D934B26BFF02A00D8972E /* Main.storyboard in Resources */,
			);
			runOnlyForDeploymentPostprocessing = 0;
		};
/* End PBXResourcesBuildPhase section */

/* Begin PBXSourcesBuildPhase section */
		CD7D933C26BFF02A00D8972E /* Sources */ = {
			isa = PBXSourcesBuildPhase;
			buildActionMask = 2147483647;
			files = (
				CD7D935826C0114300D8972E /* ApartmentsPricer.mlmodel in Sources */,
				CD7D934826BFF02A00D8972E /* ViewController.swift in Sources */,
				CD7D934426BFF02A00D8972E /* AppDelegate.swift in Sources */,
				CD7D934626BFF02A00D8972E /* SceneDelegate.swift in Sources */,
			);
			runOnlyForDeploymentPostprocessing = 0;
		};
/* End PBXSourcesBuildPhase section */

/* Begin PBXVariantGroup section */
		CD7D934926BFF02A00D8972E /* Main.storyboard */ = {
			isa = PBXVariantGroup;
			children = (
				CD7D934A26BFF02A00D8972E /* Base */,
			);
			name = Main.storyboard;
			sourceTree = "<group>";
		};
		CD7D934E26BFF02C00D8972E /* LaunchScreen.storyboard */ = {
			isa = PBXVariantGroup;
			children = (
				CD7D934F26BFF02C00D8972E /* Base */,
			);
			name = LaunchScreen.storyboard;
			sourceTree = "<group>";
		};
/* End PBXVariantGroup section */

/* Begin XCBuildConfiguration section */
		CD7D935226BFF02C00D8972E /* Debug */ = {
			isa = XCBuildConfiguration;
			buildSettings = {
				ALWAYS_SEARCH_USER_PATHS = NO;
				CLANG_ANALYZER_NONNULL = YES;
				CLANG_ANALYZER_NUMBER_OBJECT_CONVERSION = YES_AGGRESSIVE;
				CLANG_CXX_LANGUAGE_STANDARD = "gnu++14";
				CLANG_CXX_LIBRARY = "libc++";
				CLANG_ENABLE_MODULES = YES;
				CLANG_ENABLE_OBJC_ARC = YES;
				CLANG_ENABLE_OBJC_WEAK = YES;
				CLANG_WARN_BLOCK_CAPTURE_AUTORELEASING = YES;
				CLANG_WARN_BOOL_CONVERSION = YES;
				CLANG_WARN_COMMA = YES;
				CLANG_WARN_CONSTANT_CONVERSION = YES;
				CLANG_WARN_DEPRECATED_OBJC_IMPLEMENTATIONS = YES;
				CLANG_WARN_DIRECT_OBJC_ISA_USAGE = YES_ERROR;
				CLANG_WARN_DOCUMENTATION_COMMENTS = YES;
				CLANG_WARN_EMPTY_BODY = YES;
				CLANG_WARN_ENUM_CONVERSION = YES;
				CLANG_WARN_INFINITE_RECURSION = YES;
				CLANG_WARN_INT_CONVERSION = YES;
				CLANG_WARN_NON_LITERAL_NULL_CONVERSION = YES;
				CLANG_WARN_OBJC_IMPLICIT_RETAIN_SELF = YES;
				CLANG_WARN_OBJC_LITERAL_CONVERSION = YES;
				CLANG_WARN_OBJC_ROOT_CLASS = YES_ERROR;
				CLANG_WARN_QUOTED_INCLUDE_IN_FRAMEWORK_HEADER = YES;
				CLANG_WARN_RANGE_LOOP_ANALYSIS = YES;
				CLANG_WARN_STRICT_PROTOTYPES = YES;
				CLANG_WARN_SUSPICIOUS_MOVE = YES;
				CLANG_WARN_UNGUARDED_AVAILABILITY = YES_AGGRESSIVE;
				CLANG_WARN_UNREACHABLE_CODE = YES;
				CLANG_WARN__DUPLICATE_METHOD_MATCH = YES;
				COPY_PHASE_STRIP = NO;
				DEBUG_INFORMATION_FORMAT = dwarf;
				ENABLE_STRICT_OBJC_MSGSEND = YES;
				ENABLE_TESTABILITY = YES;
				GCC_C_LANGUAGE_STANDARD = gnu11;
				GCC_DYNAMIC_NO_PIC = NO;
				GCC_NO_COMMON_BLOCKS = YES;
				GCC_OPTIMIZATION_LEVEL = 0;
				GCC_PREPROCESSOR_DEFINITIONS = (
					"DEBUG=1",
					"$(inherited)",
				);
				GCC_WARN_64_TO_32_BIT_CONVERSION = YES;
				GCC_WARN_ABOUT_RETURN_TYPE = YES_ERROR;
				GCC_WARN_UNDECLARED_SELECTOR = YES;
				GCC_WARN_UNINITIALIZED_AUTOS = YES_AGGRESSIVE;
				GCC_WARN_UNUSED_FUNCTION = YES;
				GCC_WARN_UNUSED_VARIABLE = YES;
				IPHONEOS_DEPLOYMENT_TARGET = 14.5;
				MTL_ENABLE_DEBUG_INFO = INCLUDE_SOURCE;
				MTL_FAST_MATH = YES;
				ONLY_ACTIVE_ARCH = YES;
				SDKROOT = iphoneos;
				SWIFT_ACTIVE_COMPILATION_CONDITIONS = DEBUG;
				SWIFT_OPTIMIZATION_LEVEL = "-Onone";
			};
			name = Debug;
		};
		CD7D935326BFF02C00D8972E /* Release */ = {
			isa = XCBuildConfiguration;
			buildSettings = {
				ALWAYS_SEARCH_USER_PATHS = NO;
				CLANG_ANALYZER_NONNULL = YES;
				CLANG_ANALYZER_NUMBER_OBJECT_CONVERSION = YES_AGGRESSIVE;
				CLANG_CXX_LANGUAGE_STANDARD = "gnu++14";
				CLANG_CXX_LIBRARY = "libc++";
				CLANG_ENABLE_MODULES = YES;
				CLANG_ENABLE_OBJC_ARC = YES;
				CLANG_ENABLE_OBJC_WEAK = YES;
				CLANG_WARN_BLOCK_CAPTURE_AUTORELEASING = YES;
				CLANG_WARN_BOOL_CONVERSION = YES;
				CLANG_WARN_COMMA = YES;
				CLANG_WARN_CONSTANT_CONVERSION = YES;
				CLANG_WARN_DEPRECATED_OBJC_IMPLEMENTATIONS = YES;
				CLANG_WARN_DIRECT_OBJC_ISA_USAGE = YES_ERROR;
				CLANG_WARN_DOCUMENTATION_COMMENTS = YES;
				CLANG_WARN_EMPTY_BODY = YES;
				CLANG_WARN_ENUM_CONVERSION = YES;
				CLANG_WARN_INFINITE_RECURSION = YES;
				CLANG_WARN_INT_CONVERSION = YES;
				CLANG_WARN_NON_LITERAL_NULL_CONVERSION = YES;
				CLANG_WARN_OBJC_IMPLICIT_RETAIN_SELF = YES;
				CLANG_WARN_OBJC_LITERAL_CONVERSION = YES;
				CLANG_WARN_OBJC_ROOT_CLASS = YES_ERROR;
				CLANG_WARN_QUOTED_INCLUDE_IN_FRAMEWORK_HEADER = YES;
				CLANG_WARN_RANGE_LOOP_ANALYSIS = YES;
				CLANG_WARN_STRICT_PROTOTYPES = YES;
				CLANG_WARN_SUSPICIOUS_MOVE = YES;
				CLANG_WARN_UNGUARDED_AVAILABILITY = YES_AGGRESSIVE;
				CLANG_WARN_UNREACHABLE_CODE = YES;
				CLANG_WARN__DUPLICATE_METHOD_MATCH = YES;
				COPY_PHASE_STRIP = NO;
				DEBUG_INFORMATION_FORMAT = "dwarf-with-dsym";
				ENABLE_NS_ASSERTIONS = NO;
				ENABLE_STRICT_OBJC_MSGSEND = YES;
				GCC_C_LANGUAGE_STANDARD = gnu11;
				GCC_NO_COMMON_BLOCKS = YES;
				GCC_WARN_64_TO_32_BIT_CONVERSION = YES;
				GCC_WARN_ABOUT_RETURN_TYPE = YES_ERROR;
				GCC_WARN_UNDECLARED_SELECTOR = YES;
				GCC_WARN_UNINITIALIZED_AUTOS = YES_AGGRESSIVE;
				GCC_WARN_UNUSED_FUNCTION = YES;
				GCC_WARN_UNUSED_VARIABLE = YES;
				IPHONEOS_DEPLOYMENT_TARGET = 14.5;
				MTL_ENABLE_DEBUG_INFO = NO;
				MTL_FAST_MATH = YES;
				SDKROOT = iphoneos;
				SWIFT_COMPILATION_MODE = wholemodule;
				SWIFT_OPTIMIZATION_LEVEL = "-O";
				VALIDATE_PRODUCT = YES;
			};
			name = Release;
		};
		CD7D935526BFF02C00D8972E /* Debug */ = {
			isa = XCBuildConfiguration;
			buildSettings = {
				ASSETCATALOG_COMPILER_APPICON_NAME = AppIcon;
				ASSETCATALOG_COMPILER_GLOBAL_ACCENT_COLOR_NAME = AccentColor;
				CODE_SIGN_STYLE = Automatic;
				INFOPLIST_FILE = FlatPredictions/Info.plist;
				LD_RUNPATH_SEARCH_PATHS = (
					"$(inherited)",
					"@executable_path/Frameworks",
				);
				PRODUCT_BUNDLE_IDENTIFIER = Sberbank.FlatPredictions;
				PRODUCT_NAME = "$(TARGET_NAME)";
				SWIFT_VERSION = 5.0;
				TARGETED_DEVICE_FAMILY = "1,2";
			};
			name = Debug;
		};
		CD7D935626BFF02C00D8972E /* Release */ = {
			isa = XCBuildConfiguration;
			buildSettings = {
				ASSETCATALOG_COMPILER_APPICON_NAME = AppIcon;
				ASSETCATALOG_COMPILER_GLOBAL_ACCENT_COLOR_NAME = AccentColor;
				CODE_SIGN_STYLE = Automatic;
				INFOPLIST_FILE = FlatPredictions/Info.plist;
				LD_RUNPATH_SEARCH_PATHS = (
					"$(inherited)",
					"@executable_path/Frameworks",
				);
				PRODUCT_BUNDLE_IDENTIFIER = Sberbank.FlatPredictions;
				PRODUCT_NAME = "$(TARGET_NAME)";
				SWIFT_VERSION = 5.0;
				TARGETED_DEVICE_FAMILY = "1,2";
			};
			name = Release;
		};
/* End XCBuildConfiguration section */

/* Begin XCConfigurationList section */
		CD7D933B26BFF02A00D8972E /* Build configuration list for PBXProject "FlatPredictions" */ = {
			isa = XCConfigurationList;
			buildConfigurations = (
				CD7D935226BFF02C00D8972E /* Debug */,
				CD7D935326BFF02C00D8972E /* Release */,
			);
			defaultConfigurationIsVisible = 0;
			defaultConfigurationName = Release;
		};
		CD7D935426BFF02C00D8972E /* Build configuration list for PBXNativeTarget "FlatPredictions" */ = {
			isa = XCConfigurationList;
			buildConfigurations = (
				CD7D935526BFF02C00D8972E /* Debug */,
				CD7D935626BFF02C00D8972E /* Release */,
			);
			defaultConfigurationIsVisible = 0;
			defaultConfigurationName = Release;
		};
/* End XCConfigurationList section */
	};
	rootObject = CD7D933826BFF02A00D8972E /* Project object */;
}
