// !$*UTF8*$!
{
	archiveVersion = 1;
	classes = {
	};
	objectVersion = 51;
	objects = {

/* Begin PBXBuildFile section */
		933165E92514A2C600AE080B /* AppDelegate.swift in Sources */ = {isa = PBXBuildFile; fileRef = 933165E82514A2C600AE080B /* AppDelegate.swift */; };
		933165EB2514A2C600AE080B /* SceneDelegate.swift in Sources */ = {isa = PBXBuildFile; fileRef = 933165EA2514A2C600AE080B /* SceneDelegate.swift */; };
		933165F02514A2C600AE080B /* Main.storyboard in Resources */ = {isa = PBXBuildFile; fileRef = 933165EE2514A2C600AE080B /* Main.storyboard */; };
		933165F22514A2CC00AE080B /* Assets.xcassets in Resources */ = {isa = PBXBuildFile; fileRef = 933165F12514A2CC00AE080B /* Assets.xcassets */; };
		933165F52514A2CC00AE080B /* LaunchScreen.storyboard in Resources */ = {isa = PBXBuildFile; fileRef = 933165F32514A2CC00AE080B /* LaunchScreen.storyboard */; };
		933166192514D88900AE080B /* ViewController+showError.swift in Sources */ = {isa = PBXBuildFile; fileRef = 933166182514D88900AE080B /* ViewController+showError.swift */; };
		9331661B2514D89900AE080B /* CategoryViewCell.swift in Sources */ = {isa = PBXBuildFile; fileRef = 9331661A2514D89900AE080B /* CategoryViewCell.swift */; };
		9331661E2514D89E00AE080B /* CategoryVC.swift in Sources */ = {isa = PBXBuildFile; fileRef = 9331661C2514D89E00AE080B /* CategoryVC.swift */; };
		9331661F2514D89E00AE080B /* ToDoListViewController.swift in Sources */ = {isa = PBXBuildFile; fileRef = 9331661D2514D89E00AE080B /* ToDoListViewController.swift */; };
		933166212514D8A600AE080B /* Category.swift in Sources */ = {isa = PBXBuildFile; fileRef = 933166202514D8A600AE080B /* Category.swift */; };
		933166232514D8AE00AE080B /* ToDoItem.swift in Sources */ = {isa = PBXBuildFile; fileRef = 933166222514D8AE00AE080B /* ToDoItem.swift */; };
		933166262514D8B400AE080B /* BlackStarApiService.swift in Sources */ = {isa = PBXBuildFile; fileRef = 933166242514D8B400AE080B /* BlackStarApiService.swift */; };
		933166272514D8B400AE080B /* ServiceLocator.swift in Sources */ = {isa = PBXBuildFile; fileRef = 933166252514D8B400AE080B /* ServiceLocator.swift */; };
		9331662B2514D95200AE080B /* FirstLaunch.swift in Sources */ = {isa = PBXBuildFile; fileRef = 933166282514D95100AE080B /* FirstLaunch.swift */; };
		9331662C2514D95200AE080B /* UserDefaultsPersistent.swift in Sources */ = {isa = PBXBuildFile; fileRef = 933166292514D95200AE080B /* UserDefaultsPersistent.swift */; };
		9331662D2514D95200AE080B /* ErrorOverlayVC.swift in Sources */ = {isa = PBXBuildFile; fileRef = 9331662A2514D95200AE080B /* ErrorOverlayVC.swift */; };
		9340E2E9251E0F5200319E7A /* ToDoListViewModel.swift in Sources */ = {isa = PBXBuildFile; fileRef = 9340E2E8251E0F5200319E7A /* ToDoListViewModel.swift */; };
		9346DFAA251CF35800B55F0C /* CategoriesViewModel.swift in Sources */ = {isa = PBXBuildFile; fileRef = 9346DFA9251CF35800B55F0C /* CategoriesViewModel.swift */; };
		CEB19FF35C32746042116B04 /* Pods_s02e04_mvvm.framework in Frameworks */ = {isa = PBXBuildFile; fileRef = 512D8447BEE5A9A3781CCAB5 /* Pods_s02e04_mvvm.framework */; };
/* End PBXBuildFile section */

/* Begin PBXFileReference section */
		25C40E7DBA7D5EB2D728212A /* Pods-s02e04_mvvm.release.xcconfig */ = {isa = PBXFileReference; includeInIndex = 1; lastKnownFileType = text.xcconfig; name = "Pods-s02e04_mvvm.release.xcconfig"; path = "Target Support Files/Pods-s02e04_mvvm/Pods-s02e04_mvvm.release.xcconfig"; sourceTree = "<group>"; };
		3D8A14F5A479E7968EB05F4C /* Pods-s02e04_mvc.release.xcconfig */ = {isa = PBXFileReference; includeInIndex = 1; lastKnownFileType = text.xcconfig; name = "Pods-s02e04_mvc.release.xcconfig"; path = "Target Support Files/Pods-s02e04_mvc/Pods-s02e04_mvc.release.xcconfig"; sourceTree = "<group>"; };
		512D8447BEE5A9A3781CCAB5 /* Pods_s02e04_mvvm.framework */ = {isa = PBXFileReference; explicitFileType = wrapper.framework; includeInIndex = 0; path = Pods_s02e04_mvvm.framework; sourceTree = BUILT_PRODUCTS_DIR; };
		80030D7FC1F80B72C5E7DC36 /* Pods-s02e04_mvc.debug.xcconfig */ = {isa = PBXFileReference; includeInIndex = 1; lastKnownFileType = text.xcconfig; name = "Pods-s02e04_mvc.debug.xcconfig"; path = "Target Support Files/Pods-s02e04_mvc/Pods-s02e04_mvc.debug.xcconfig"; sourceTree = "<group>"; };
		933165E52514A2C600AE080B /* s02e04_mvvm.app */ = {isa = PBXFileReference; explicitFileType = wrapper.application; includeInIndex = 0; path = s02e04_mvvm.app; sourceTree = BUILT_PRODUCTS_DIR; };
		933165E82514A2C600AE080B /* AppDelegate.swift */ = {isa = PBXFileReference; lastKnownFileType = sourcecode.swift; path = AppDelegate.swift; sourceTree = "<group>"; };
		933165EA2514A2C600AE080B /* SceneDelegate.swift */ = {isa = PBXFileReference; lastKnownFileType = sourcecode.swift; path = SceneDelegate.swift; sourceTree = "<group>"; };
		933165EF2514A2C600AE080B /* Base */ = {isa = PBXFileReference; lastKnownFileType = file.storyboard; name = Base; path = Base.lproj/Main.storyboard; sourceTree = "<group>"; };
		933165F12514A2CC00AE080B /* Assets.xcassets */ = {isa = PBXFileReference; lastKnownFileType = folder.assetcatalog; path = Assets.xcassets; sourceTree = "<group>"; };
		933165F42514A2CC00AE080B /* Base */ = {isa = PBXFileReference; lastKnownFileType = file.storyboard; name = Base; path = Base.lproj/LaunchScreen.storyboard; sourceTree = "<group>"; };
		933165F62514A2CC00AE080B /* Info.plist */ = {isa = PBXFileReference; lastKnownFileType = text.plist.xml; path = Info.plist; sourceTree = "<group>"; };
		933166182514D88900AE080B /* ViewController+showError.swift */ = {isa = PBXFileReference; fileEncoding = 4; lastKnownFileType = sourcecode.swift; path = "ViewController+showError.swift"; sourceTree = "<group>"; };
		9331661A2514D89900AE080B /* CategoryViewCell.swift */ = {isa = PBXFileReference; fileEncoding = 4; lastKnownFileType = sourcecode.swift; path = CategoryViewCell.swift; sourceTree = "<group>"; };
		9331661C2514D89E00AE080B /* CategoryVC.swift */ = {isa = PBXFileReference; fileEncoding = 4; lastKnownFileType = sourcecode.swift; path = CategoryVC.swift; sourceTree = "<group>"; };
		9331661D2514D89E00AE080B /* ToDoListViewController.swift */ = {isa = PBXFileReference; fileEncoding = 4; lastKnownFileType = sourcecode.swift; path = ToDoListViewController.swift; sourceTree = "<group>"; };
		933166202514D8A600AE080B /* Category.swift */ = {isa = PBXFileReference; fileEncoding = 4; lastKnownFileType = sourcecode.swift; path = Category.swift; sourceTree = "<group>"; };
		933166222514D8AE00AE080B /* ToDoItem.swift */ = {isa = PBXFileReference; fileEncoding = 4; lastKnownFileType = sourcecode.swift; path = ToDoItem.swift; sourceTree = "<group>"; };
		933166242514D8B400AE080B /* BlackStarApiService.swift */ = {isa = PBXFileReference; fileEncoding = 4; lastKnownFileType = sourcecode.swift; path = BlackStarApiService.swift; sourceTree = "<group>"; };
		933166252514D8B400AE080B /* ServiceLocator.swift */ = {isa = PBXFileReference; fileEncoding = 4; lastKnownFileType = sourcecode.swift; path = ServiceLocator.swift; sourceTree = "<group>"; };
		933166282514D95100AE080B /* FirstLaunch.swift */ = {isa = PBXFileReference; fileEncoding = 4; lastKnownFileType = sourcecode.swift; path = FirstLaunch.swift; sourceTree = "<group>"; };
		933166292514D95200AE080B /* UserDefaultsPersistent.swift */ = {isa = PBXFileReference; fileEncoding = 4; lastKnownFileType = sourcecode.swift; path = UserDefaultsPersistent.swift; sourceTree = "<group>"; };
		9331662A2514D95200AE080B /* ErrorOverlayVC.swift */ = {isa = PBXFileReference; fileEncoding = 4; lastKnownFileType = sourcecode.swift; path = ErrorOverlayVC.swift; sourceTree = "<group>"; };
		9340E2E8251E0F5200319E7A /* ToDoListViewModel.swift */ = {isa = PBXFileReference; lastKnownFileType = sourcecode.swift; path = ToDoListViewModel.swift; sourceTree = "<group>"; };
		9346DFA9251CF35800B55F0C /* CategoriesViewModel.swift */ = {isa = PBXFileReference; lastKnownFileType = sourcecode.swift; path = CategoriesViewModel.swift; sourceTree = "<group>"; };
		F9EEBD04DA9AB3C86A9508FD /* Pods-s02e04_mvvm.debug.xcconfig */ = {isa = PBXFileReference; includeInIndex = 1; lastKnownFileType = text.xcconfig; name = "Pods-s02e04_mvvm.debug.xcconfig"; path = "Target Support Files/Pods-s02e04_mvvm/Pods-s02e04_mvvm.debug.xcconfig"; sourceTree = "<group>"; };
/* End PBXFileReference section */

/* Begin PBXFrameworksBuildPhase section */
		933165E22514A2C600AE080B /* Frameworks */ = {
			isa = PBXFrameworksBuildPhase;
			buildActionMask = 2147483647;
			files = (
				CEB19FF35C32746042116B04 /* Pods_s02e04_mvvm.framework in Frameworks */,
			);
			runOnlyForDeploymentPostprocessing = 0;
		};
/* End PBXFrameworksBuildPhase section */

/* Begin PBXGroup section */
		1936FA8F6396645375F9A315 /* Frameworks */ = {
			isa = PBXGroup;
			children = (
				512D8447BEE5A9A3781CCAB5 /* Pods_s02e04_mvvm.framework */,
			);
			name = Frameworks;
			sourceTree = "<group>";
		};
		361C7A396E23A1D94C8FFB93 /* Pods */ = {
			isa = PBXGroup;
			children = (
				80030D7FC1F80B72C5E7DC36 /* Pods-s02e04_mvc.debug.xcconfig */,
				3D8A14F5A479E7968EB05F4C /* Pods-s02e04_mvc.release.xcconfig */,
				F9EEBD04DA9AB3C86A9508FD /* Pods-s02e04_mvvm.debug.xcconfig */,
				25C40E7DBA7D5EB2D728212A /* Pods-s02e04_mvvm.release.xcconfig */,
			);
			path = Pods;
			sourceTree = "<group>";
		};
		933165DC2514A2C600AE080B = {
			isa = PBXGroup;
			children = (
				933165E72514A2C600AE080B /* s02e04_mvvm */,
				933165E62514A2C600AE080B /* Products */,
				361C7A396E23A1D94C8FFB93 /* Pods */,
				1936FA8F6396645375F9A315 /* Frameworks */,
			);
			sourceTree = "<group>";
		};
		933165E62514A2C600AE080B /* Products */ = {
			isa = PBXGroup;
			children = (
				933165E52514A2C600AE080B /* s02e04_mvvm.app */,
			);
			name = Products;
			sourceTree = "<group>";
		};
		933165E72514A2C600AE080B /* s02e04_mvvm */ = {
			isa = PBXGroup;
			children = (
				933165E82514A2C600AE080B /* AppDelegate.swift */,
				933165F12514A2CC00AE080B /* Assets.xcassets */,
				933166022514A71400AE080B /* Controller */,
				9331662A2514D95200AE080B /* ErrorOverlayVC.swift */,
				933166152514B7AE00AE080B /* Extension */,
				933166282514D95100AE080B /* FirstLaunch.swift */,
				933165F62514A2CC00AE080B /* Info.plist */,
				933165F32514A2CC00AE080B /* LaunchScreen.storyboard */,
				933165EE2514A2C600AE080B /* Main.storyboard */,
				933165FF2514A69A00AE080B /* Model */,
				933165EA2514A2C600AE080B /* SceneDelegate.swift */,
				933165FC2514A63E00AE080B /* Service */,
				933166292514D95200AE080B /* UserDefaultsPersistent.swift */,
				933166052514A74400AE080B /* View */,
				9346DFA8251CF33500B55F0C /* ViewModel */,
			);
			path = s02e04_mvvm;
			sourceTree = "<group>";
		};
		933165FC2514A63E00AE080B /* Service */ = {
			isa = PBXGroup;
			children = (
				933166242514D8B400AE080B /* BlackStarApiService.swift */,
				933166252514D8B400AE080B /* ServiceLocator.swift */,
			);
			path = Service;
			sourceTree = "<group>";
		};
		933165FF2514A69A00AE080B /* Model */ = {
			isa = PBXGroup;
			children = (
				933166202514D8A600AE080B /* Category.swift */,
				933166082514B4BA00AE080B /* Realm */,
			);
			path = Model;
			sourceTree = "<group>";
		};
		933166022514A71400AE080B /* Controller */ = {
			isa = PBXGroup;
			children = (
				9331661C2514D89E00AE080B /* CategoryVC.swift */,
				9331661D2514D89E00AE080B /* ToDoListViewController.swift */,
			);
			path = Controller;
			sourceTree = "<group>";
		};
		933166052514A74400AE080B /* View */ = {
			isa = PBXGroup;
			children = (
				9331661A2514D89900AE080B /* CategoryViewCell.swift */,
			);
			path = View;
			sourceTree = "<group>";
		};
		933166082514B4BA00AE080B /* Realm */ = {
			isa = PBXGroup;
			children = (
				933166222514D8AE00AE080B /* ToDoItem.swift */,
			);
			path = Realm;
			sourceTree = "<group>";
		};
		933166152514B7AE00AE080B /* Extension */ = {
			isa = PBXGroup;
			children = (
				933166182514D88900AE080B /* ViewController+showError.swift */,
			);
			path = Extension;
			sourceTree = "<group>";
		};
		9346DFA8251CF33500B55F0C /* ViewModel */ = {
			isa = PBXGroup;
			children = (
				9346DFA9251CF35800B55F0C /* CategoriesViewModel.swift */,
				9340E2E8251E0F5200319E7A /* ToDoListViewModel.swift */,
			);
			path = ViewModel;
			sourceTree = "<group>";
		};
/* End PBXGroup section */

/* Begin PBXNativeTarget section */
		933165E42514A2C600AE080B /* s02e04_mvvm */ = {
			isa = PBXNativeTarget;
			buildConfigurationList = 933165F92514A2CC00AE080B /* Build configuration list for PBXNativeTarget "s02e04_mvvm" */;
			buildPhases = (
				9E56E5BA2BFC51DF4176CC58 /* [CP] Check Pods Manifest.lock */,
				933165E12514A2C600AE080B /* Sources */,
				933165E22514A2C600AE080B /* Frameworks */,
				933165E32514A2C600AE080B /* Resources */,
				20C8BBA404438271318D8703 /* [CP] Embed Pods Frameworks */,
			);
			buildRules = (
			);
			dependencies = (
			);
			name = s02e04_mvvm;
			productName = s02e04_mvc;
			productReference = 933165E52514A2C600AE080B /* s02e04_mvvm.app */;
			productType = "com.apple.product-type.application";
		};
/* End PBXNativeTarget section */

/* Begin PBXProject section */
		933165DD2514A2C600AE080B /* Project object */ = {
			isa = PBXProject;
			attributes = {
				LastSwiftUpdateCheck = 1160;
				LastUpgradeCheck = 1160;
				ORGANIZATIONNAME = "Максим";
				TargetAttributes = {
					933165E42514A2C600AE080B = {
						CreatedOnToolsVersion = 11.6;
					};
				};
			};
			buildConfigurationList = 933165E02514A2C600AE080B /* Build configuration list for PBXProject "s02e04_mvvm" */;
			compatibilityVersion = "Xcode 9.3";
			developmentRegion = en;
			hasScannedForEncodings = 0;
			knownRegions = (
				en,
				Base,
			);
			mainGroup = 933165DC2514A2C600AE080B;
			productRefGroup = 933165E62514A2C600AE080B /* Products */;
			projectDirPath = "";
			projectRoot = "";
			targets = (
				933165E42514A2C600AE080B /* s02e04_mvvm */,
			);
		};
/* End PBXProject section */

/* Begin PBXResourcesBuildPhase section */
		933165E32514A2C600AE080B /* Resources */ = {
			isa = PBXResourcesBuildPhase;
			buildActionMask = 2147483647;
			files = (
				933165F52514A2CC00AE080B /* LaunchScreen.storyboard in Resources */,
				933165F22514A2CC00AE080B /* Assets.xcassets in Resources */,
				933165F02514A2C600AE080B /* Main.storyboard in Resources */,
			);
			runOnlyForDeploymentPostprocessing = 0;
		};
/* End PBXResourcesBuildPhase section */

/* Begin PBXShellScriptBuildPhase section */
		20C8BBA404438271318D8703 /* [CP] Embed Pods Frameworks */ = {
			isa = PBXShellScriptBuildPhase;
			buildActionMask = 2147483647;
			files = (
			);
			inputFileListPaths = (
				"${PODS_ROOT}/Target Support Files/Pods-s02e04_mvvm/Pods-s02e04_mvvm-frameworks-${CONFIGURATION}-input-files.xcfilelist",
			);
			name = "[CP] Embed Pods Frameworks";
			outputFileListPaths = (
				"${PODS_ROOT}/Target Support Files/Pods-s02e04_mvvm/Pods-s02e04_mvvm-frameworks-${CONFIGURATION}-output-files.xcfilelist",
			);
			runOnlyForDeploymentPostprocessing = 0;
			shellPath = /bin/sh;
			shellScript = "\"${PODS_ROOT}/Target Support Files/Pods-s02e04_mvvm/Pods-s02e04_mvvm-frameworks.sh\"\n";
			showEnvVarsInLog = 0;
		};
		9E56E5BA2BFC51DF4176CC58 /* [CP] Check Pods Manifest.lock */ = {
			isa = PBXShellScriptBuildPhase;
			buildActionMask = 2147483647;
			files = (
			);
			inputFileListPaths = (
			);
			inputPaths = (
				"${PODS_PODFILE_DIR_PATH}/Podfile.lock",
				"${PODS_ROOT}/Manifest.lock",
			);
			name = "[CP] Check Pods Manifest.lock";
			outputFileListPaths = (
			);
			outputPaths = (
				"$(DERIVED_FILE_DIR)/Pods-s02e04_mvvm-checkManifestLockResult.txt",
			);
			runOnlyForDeploymentPostprocessing = 0;
			shellPath = /bin/sh;
			shellScript = "diff \"${PODS_PODFILE_DIR_PATH}/Podfile.lock\" \"${PODS_ROOT}/Manifest.lock\" > /dev/null\nif [ $? != 0 ] ; then\n    # print error to STDERR\n    echo \"error: The sandbox is not in sync with the Podfile.lock. Run 'pod install' or update your CocoaPods installation.\" >&2\n    exit 1\nfi\n# This output is used by Xcode 'outputs' to avoid re-running this script phase.\necho \"SUCCESS\" > \"${SCRIPT_OUTPUT_FILE_0}\"\n";
			showEnvVarsInLog = 0;
		};
/* End PBXShellScriptBuildPhase section */

/* Begin PBXSourcesBuildPhase section */
		933165E12514A2C600AE080B /* Sources */ = {
			isa = PBXSourcesBuildPhase;
			buildActionMask = 2147483647;
			files = (
				933166262514D8B400AE080B /* BlackStarApiService.swift in Sources */,
				9331662B2514D95200AE080B /* FirstLaunch.swift in Sources */,
				9331661E2514D89E00AE080B /* CategoryVC.swift in Sources */,
				9331662C2514D95200AE080B /* UserDefaultsPersistent.swift in Sources */,
				933166272514D8B400AE080B /* ServiceLocator.swift in Sources */,
				933166232514D8AE00AE080B /* ToDoItem.swift in Sources */,
				9346DFAA251CF35800B55F0C /* CategoriesViewModel.swift in Sources */,
				9331662D2514D95200AE080B /* ErrorOverlayVC.swift in Sources */,
				933165E92514A2C600AE080B /* AppDelegate.swift in Sources */,
				9340E2E9251E0F5200319E7A /* ToDoListViewModel.swift in Sources */,
				933166192514D88900AE080B /* ViewController+showError.swift in Sources */,
				933165EB2514A2C600AE080B /* SceneDelegate.swift in Sources */,
				9331661F2514D89E00AE080B /* ToDoListViewController.swift in Sources */,
				9331661B2514D89900AE080B /* CategoryViewCell.swift in Sources */,
				933166212514D8A600AE080B /* Category.swift in Sources */,
			);
			runOnlyForDeploymentPostprocessing = 0;
		};
/* End PBXSourcesBuildPhase section */

/* Begin PBXVariantGroup section */
		933165EE2514A2C600AE080B /* Main.storyboard */ = {
			isa = PBXVariantGroup;
			children = (
				933165EF2514A2C600AE080B /* Base */,
			);
			name = Main.storyboard;
			sourceTree = "<group>";
		};
		933165F32514A2CC00AE080B /* LaunchScreen.storyboard */ = {
			isa = PBXVariantGroup;
			children = (
				933165F42514A2CC00AE080B /* Base */,
			);
			name = LaunchScreen.storyboard;
			sourceTree = "<group>";
		};
/* End PBXVariantGroup section */

/* Begin XCBuildConfiguration section */
		933165F72514A2CC00AE080B /* Debug */ = {
			isa = XCBuildConfiguration;
			buildSettings = {
				ALWAYS_SEARCH_USER_PATHS = NO;
				CLANG_ANALYZER_NONNULL = YES;
				CLANG_ANALYZER_NUMBER_OBJECT_CONVERSION = YES_AGGRESSIVE;
				CLANG_CXX_LANGUAGE_STANDARD = "gnu++14";
				CLANG_CXX_LIBRARY = "libc++";
				CLANG_ENABLE_MODULES = YES;
				CLANG_ENABLE_OBJC_ARC = YES;
				CLANG_ENABLE_OBJC_WEAK = YES;
				CLANG_WARN_BLOCK_CAPTURE_AUTORELEASING = YES;
				CLANG_WARN_BOOL_CONVERSION = YES;
				CLANG_WARN_COMMA = YES;
				CLANG_WARN_CONSTANT_CONVERSION = YES;
				CLANG_WARN_DEPRECATED_OBJC_IMPLEMENTATIONS = YES;
				CLANG_WARN_DIRECT_OBJC_ISA_USAGE = YES_ERROR;
				CLANG_WARN_DOCUMENTATION_COMMENTS = YES;
				CLANG_WARN_EMPTY_BODY = YES;
				CLANG_WARN_ENUM_CONVERSION = YES;
				CLANG_WARN_INFINITE_RECURSION = YES;
				CLANG_WARN_INT_CONVERSION = YES;
				CLANG_WARN_NON_LITERAL_NULL_CONVERSION = YES;
				CLANG_WARN_OBJC_IMPLICIT_RETAIN_SELF = YES;
				CLANG_WARN_OBJC_LITERAL_CONVERSION = YES;
				CLANG_WARN_OBJC_ROOT_CLASS = YES_ERROR;
				CLANG_WARN_RANGE_LOOP_ANALYSIS = YES;
				CLANG_WARN_STRICT_PROTOTYPES = YES;
				CLANG_WARN_SUSPICIOUS_MOVE = YES;
				CLANG_WARN_UNGUARDED_AVAILABILITY = YES_AGGRESSIVE;
				CLANG_WARN_UNREACHABLE_CODE = YES;
				CLANG_WARN__DUPLICATE_METHOD_MATCH = YES;
				COPY_PHASE_STRIP = NO;
				DEBUG_INFORMATION_FORMAT = dwarf;
				ENABLE_STRICT_OBJC_MSGSEND = YES;
				ENABLE_TESTABILITY = YES;
				GCC_C_LANGUAGE_STANDARD = gnu11;
				GCC_DYNAMIC_NO_PIC = NO;
				GCC_NO_COMMON_BLOCKS = YES;
				GCC_OPTIMIZATION_LEVEL = 0;
				GCC_PREPROCESSOR_DEFINITIONS = (
					"DEBUG=1",
					"$(inherited)",
				);
				GCC_WARN_64_TO_32_BIT_CONVERSION = YES;
				GCC_WARN_ABOUT_RETURN_TYPE = YES_ERROR;
				GCC_WARN_UNDECLARED_SELECTOR = YES;
				GCC_WARN_UNINITIALIZED_AUTOS = YES_AGGRESSIVE;
				GCC_WARN_UNUSED_FUNCTION = YES;
				GCC_WARN_UNUSED_VARIABLE = YES;
				IPHONEOS_DEPLOYMENT_TARGET = 13.6;
				MTL_ENABLE_DEBUG_INFO = INCLUDE_SOURCE;
				MTL_FAST_MATH = YES;
				ONLY_ACTIVE_ARCH = YES;
				SDKROOT = iphoneos;
				SWIFT_ACTIVE_COMPILATION_CONDITIONS = DEBUG;
				SWIFT_OPTIMIZATION_LEVEL = "-Onone";
			};
			name = Debug;
		};
		933165F82514A2CC00AE080B /* Release */ = {
			isa = XCBuildConfiguration;
			buildSettings = {
				ALWAYS_SEARCH_USER_PATHS = NO;
				CLANG_ANALYZER_NONNULL = YES;
				CLANG_ANALYZER_NUMBER_OBJECT_CONVERSION = YES_AGGRESSIVE;
				CLANG_CXX_LANGUAGE_STANDARD = "gnu++14";
				CLANG_CXX_LIBRARY = "libc++";
				CLANG_ENABLE_MODULES = YES;
				CLANG_ENABLE_OBJC_ARC = YES;
				CLANG_ENABLE_OBJC_WEAK = YES;
				CLANG_WARN_BLOCK_CAPTURE_AUTORELEASING = YES;
				CLANG_WARN_BOOL_CONVERSION = YES;
				CLANG_WARN_COMMA = YES;
				CLANG_WARN_CONSTANT_CONVERSION = YES;
				CLANG_WARN_DEPRECATED_OBJC_IMPLEMENTATIONS = YES;
				CLANG_WARN_DIRECT_OBJC_ISA_USAGE = YES_ERROR;
				CLANG_WARN_DOCUMENTATION_COMMENTS = YES;
				CLANG_WARN_EMPTY_BODY = YES;
				CLANG_WARN_ENUM_CONVERSION = YES;
				CLANG_WARN_INFINITE_RECURSION = YES;
				CLANG_WARN_INT_CONVERSION = YES;
				CLANG_WARN_NON_LITERAL_NULL_CONVERSION = YES;
				CLANG_WARN_OBJC_IMPLICIT_RETAIN_SELF = YES;
				CLANG_WARN_OBJC_LITERAL_CONVERSION = YES;
				CLANG_WARN_OBJC_ROOT_CLASS = YES_ERROR;
				CLANG_WARN_RANGE_LOOP_ANALYSIS = YES;
				CLANG_WARN_STRICT_PROTOTYPES = YES;
				CLANG_WARN_SUSPICIOUS_MOVE = YES;
				CLANG_WARN_UNGUARDED_AVAILABILITY = YES_AGGRESSIVE;
				CLANG_WARN_UNREACHABLE_CODE = YES;
				CLANG_WARN__DUPLICATE_METHOD_MATCH = YES;
				COPY_PHASE_STRIP = NO;
				DEBUG_INFORMATION_FORMAT = "dwarf-with-dsym";
				ENABLE_NS_ASSERTIONS = NO;
				ENABLE_STRICT_OBJC_MSGSEND = YES;
				GCC_C_LANGUAGE_STANDARD = gnu11;
				GCC_NO_COMMON_BLOCKS = YES;
				GCC_WARN_64_TO_32_BIT_CONVERSION = YES;
				GCC_WARN_ABOUT_RETURN_TYPE = YES_ERROR;
				GCC_WARN_UNDECLARED_SELECTOR = YES;
				GCC_WARN_UNINITIALIZED_AUTOS = YES_AGGRESSIVE;
				GCC_WARN_UNUSED_FUNCTION = YES;
				GCC_WARN_UNUSED_VARIABLE = YES;
				IPHONEOS_DEPLOYMENT_TARGET = 13.6;
				MTL_ENABLE_DEBUG_INFO = NO;
				MTL_FAST_MATH = YES;
				SDKROOT = iphoneos;
				SWIFT_COMPILATION_MODE = wholemodule;
				SWIFT_OPTIMIZATION_LEVEL = "-O";
				VALIDATE_PRODUCT = YES;
			};
			name = Release;
		};
		933165FA2514A2CC00AE080B /* Debug */ = {
			isa = XCBuildConfiguration;
			baseConfigurationReference = F9EEBD04DA9AB3C86A9508FD /* Pods-s02e04_mvvm.debug.xcconfig */;
			buildSettings = {
				ASSETCATALOG_COMPILER_APPICON_NAME = AppIcon;
				CODE_SIGN_STYLE = Automatic;
				DEVELOPMENT_TEAM = BG574YTP82;
				INFOPLIST_FILE = s02e04_mvvm/Info.plist;
				LD_RUNPATH_SEARCH_PATHS = (
					"$(inherited)",
					"@executable_path/Frameworks",
				);
				PRODUCT_BUNDLE_IDENTIFIER = "com.maxibello.s02e04-mvc";
				PRODUCT_NAME = s02e04_mvvm;
				SWIFT_VERSION = 5.0;
				TARGETED_DEVICE_FAMILY = "1,2";
			};
			name = Debug;
		};
		933165FB2514A2CC00AE080B /* Release */ = {
			isa = XCBuildConfiguration;
			baseConfigurationReference = 25C40E7DBA7D5EB2D728212A /* Pods-s02e04_mvvm.release.xcconfig */;
			buildSettings = {
				ASSETCATALOG_COMPILER_APPICON_NAME = AppIcon;
				CODE_SIGN_STYLE = Automatic;
				DEVELOPMENT_TEAM = BG574YTP82;
				INFOPLIST_FILE = s02e04_mvvm/Info.plist;
				LD_RUNPATH_SEARCH_PATHS = (
					"$(inherited)",
					"@executable_path/Frameworks",
				);
				PRODUCT_BUNDLE_IDENTIFIER = "com.maxibello.s02e04-mvc";
				PRODUCT_NAME = s02e04_mvvm;
				SWIFT_VERSION = 5.0;
				TARGETED_DEVICE_FAMILY = "1,2";
			};
			name = Release;
		};
/* End XCBuildConfiguration section */

/* Begin XCConfigurationList section */
		933165E02514A2C600AE080B /* Build configuration list for PBXProject "s02e04_mvvm" */ = {
			isa = XCConfigurationList;
			buildConfigurations = (
				933165F72514A2CC00AE080B /* Debug */,
				933165F82514A2CC00AE080B /* Release */,
			);
			defaultConfigurationIsVisible = 0;
			defaultConfigurationName = Release;
		};
		933165F92514A2CC00AE080B /* Build configuration list for PBXNativeTarget "s02e04_mvvm" */ = {
			isa = XCConfigurationList;
			buildConfigurations = (
				933165FA2514A2CC00AE080B /* Debug */,
				933165FB2514A2CC00AE080B /* Release */,
			);
			defaultConfigurationIsVisible = 0;
			defaultConfigurationName = Release;
		};
/* End XCConfigurationList section */
	};
	rootObject = 933165DD2514A2C600AE080B /* Project object */;
}
